// !$*UTF8*$!
{
	archiveVersion = 1;
	classes = {
	};
	objectVersion = 55;
	objects = {

/* Begin PBXBuildFile section */
		3006C1D52AFCF7140019C9D9 /* MKPolyline+EXT.swift in Sources */ = {isa = PBXBuildFile; fileRef = 3006C1D42AFCF7140019C9D9 /* MKPolyline+EXT.swift */; };
		30073AC12AFDF668008D7A29 /* AppTrackingTransparency.framework in Frameworks */ = {isa = PBXBuildFile; fileRef = 30073AC02AFDF668008D7A29 /* AppTrackingTransparency.framework */; };
		30073AC32AFE0485008D7A29 /* ConfirmRouteViewController.swift in Sources */ = {isa = PBXBuildFile; fileRef = 30073AC22AFE0485008D7A29 /* ConfirmRouteViewController.swift */; };
		30073AC52AFE0696008D7A29 /* ConfirmRouteView.swift in Sources */ = {isa = PBXBuildFile; fileRef = 30073AC42AFE0696008D7A29 /* ConfirmRouteView.swift */; };
		30073AC72AFE06A2008D7A29 /* ConfirmRouteView.xib in Resources */ = {isa = PBXBuildFile; fileRef = 30073AC62AFE06A2008D7A29 /* ConfirmRouteView.xib */; };
		300745082AF7C31B0006079A /* LocationManager.swift in Sources */ = {isa = PBXBuildFile; fileRef = 300745072AF7C31B0006079A /* LocationManager.swift */; };
		3012B6062B00255700EA0814 /* route.gif in Resources */ = {isa = PBXBuildFile; fileRef = 3012B6052B00255700EA0814 /* route.gif */; };
		3024736C2AF61BAC008300B2 /* AudioManager.swift in Sources */ = {isa = PBXBuildFile; fileRef = 3024736B2AF61BAC008300B2 /* AudioManager.swift */; };
		302473702AF61CFB008300B2 /* recalculate.mp3 in Resources */ = {isa = PBXBuildFile; fileRef = 3024736F2AF61CFB008300B2 /* recalculate.mp3 */; };
		303436582AFED2EA005CDD4D /* UIViewControler+EXT.swift in Sources */ = {isa = PBXBuildFile; fileRef = 303436572AFED2EA005CDD4D /* UIViewControler+EXT.swift */; };
		3034365E2AFEF745005CDD4D /* clock.gif in Resources */ = {isa = PBXBuildFile; fileRef = 3034365D2AFEF745005CDD4D /* clock.gif */; };
		3059D3422AF39AC200252FB7 /* UIColor+EXT.swift in Sources */ = {isa = PBXBuildFile; fileRef = 3059D3412AF39AC100252FB7 /* UIColor+EXT.swift */; };
		306839122AFE3E9700C25CDD /* ScreenNavigationViewController.swift in Sources */ = {isa = PBXBuildFile; fileRef = 306839112AFE3E9700C25CDD /* ScreenNavigationViewController.swift */; };
		306839142AFE520C00C25CDD /* LocationApprovalViewController.swift in Sources */ = {isa = PBXBuildFile; fileRef = 306839132AFE520C00C25CDD /* LocationApprovalViewController.swift */; };
		306839162AFE611000C25CDD /* AdsManager.swift in Sources */ = {isa = PBXBuildFile; fileRef = 306839152AFE611000C25CDD /* AdsManager.swift */; };
		306839182AFE84D000C25CDD /* CustomGADBannerView.swift in Sources */ = {isa = PBXBuildFile; fileRef = 306839172AFE84D000C25CDD /* CustomGADBannerView.swift */; };
		3068EF012B022FBB000C8827 /* CheckMarkTableViewCell.swift in Sources */ = {isa = PBXBuildFile; fileRef = 3068EEFF2B022FBB000C8827 /* CheckMarkTableViewCell.swift */; };
		3068EF022B022FBB000C8827 /* CheckMarkTableViewCell.xib in Resources */ = {isa = PBXBuildFile; fileRef = 3068EF002B022FBB000C8827 /* CheckMarkTableViewCell.xib */; };
		3068EF162B025CFE000C8827 /* changeColor.gif in Resources */ = {isa = PBXBuildFile; fileRef = 3068EF152B025CFE000C8827 /* changeColor.gif */; };
		3068EF182B026E22000C8827 /* SubscriptionManager.swift in Sources */ = {isa = PBXBuildFile; fileRef = 3068EF172B026E22000C8827 /* SubscriptionManager.swift */; };
		3068EF1B2B02822A000C8827 /* StoreKit.framework in Frameworks */ = {isa = PBXBuildFile; fileRef = 3068EF1A2B02822A000C8827 /* StoreKit.framework */; };
		3068EF1E2B02B28B000C8827 /* RemoveAdsTableViewCell.swift in Sources */ = {isa = PBXBuildFile; fileRef = 3068EF1C2B02B28B000C8827 /* RemoveAdsTableViewCell.swift */; };
		3068EF1F2B02B28B000C8827 /* RemoveAdsTableViewCell.xib in Resources */ = {isa = PBXBuildFile; fileRef = 3068EF1D2B02B28B000C8827 /* RemoveAdsTableViewCell.xib */; };
		307F4C432AE5E36700AC036E /* EnvironmentManager.swift in Sources */ = {isa = PBXBuildFile; fileRef = 307F4C422AE5E36700AC036E /* EnvironmentManager.swift */; };
		307F4C452AE5E65400AC036E /* AdMobUnitID.swift in Sources */ = {isa = PBXBuildFile; fileRef = 307F4C442AE5E65400AC036E /* AdMobUnitID.swift */; };
		30884C632AFBEC98000BC20A /* NavigationViewControllerDelegate.swift in Sources */ = {isa = PBXBuildFile; fileRef = 30884C622AFBEC98000BC20A /* NavigationViewControllerDelegate.swift */; };
		30884C652AFBEF86000BC20A /* NavigationViewController.swift in Sources */ = {isa = PBXBuildFile; fileRef = 30884C642AFBEF86000BC20A /* NavigationViewController.swift */; };
		3090C7A62ADF18800007017C /* PickDestinationViewController.swift in Sources */ = {isa = PBXBuildFile; fileRef = 3090C7A52ADF18800007017C /* PickDestinationViewController.swift */; };
		30A069422AE040D4001AB80F /* NavigationContainerViewController.swift in Sources */ = {isa = PBXBuildFile; fileRef = 30A069412AE040D4001AB80F /* NavigationContainerViewController.swift */; };
		30A069462AE05938001AB80F /* NavigationTabViewController.swift in Sources */ = {isa = PBXBuildFile; fileRef = 30A069452AE05938001AB80F /* NavigationTabViewController.swift */; };
		30A069482AE05D1D001AB80F /* ARNavigationViewController.swift in Sources */ = {isa = PBXBuildFile; fileRef = 30A069472AE05D1D001AB80F /* ARNavigationViewController.swift */; };
		30A0694A2AE05D40001AB80F /* RegularNavigationViewController.swift in Sources */ = {isa = PBXBuildFile; fileRef = 30A069492AE05D40001AB80F /* RegularNavigationViewController.swift */; };
		30B1893B2AF6F10600719E0D /* Local+EXT.swift in Sources */ = {isa = PBXBuildFile; fileRef = 30B1893A2AF6F10600719E0D /* Local+EXT.swift */; };
		30B189552AF71DCA00719E0D /* voice.gif in Resources */ = {isa = PBXBuildFile; fileRef = 30B189572AF71DCA00719E0D /* voice.gif */; };
		30B1895A2AF71DDD00719E0D /* voice.gif in Resources */ = {isa = PBXBuildFile; fileRef = 30B1895C2AF71DDD00719E0D /* voice.gif */; };
		30B762532AF5B47600836AF2 /* Localizable.xcstrings in Resources */ = {isa = PBXBuildFile; fileRef = 30B762522AF5B47600836AF2 /* Localizable.xcstrings */; };
		30B762552AF5B69100836AF2 /* UILabel+EXT.swift in Sources */ = {isa = PBXBuildFile; fileRef = 30B762542AF5B69100836AF2 /* UILabel+EXT.swift */; };
		30B762572AF5B75C00836AF2 /* UIButton+EXT.swift in Sources */ = {isa = PBXBuildFile; fileRef = 30B762562AF5B75C00836AF2 /* UIButton+EXT.swift */; };
		30B762592AF5B7A100836AF2 /* UISearchBar+EXT.swift in Sources */ = {isa = PBXBuildFile; fileRef = 30B762582AF5B7A100836AF2 /* UISearchBar+EXT.swift */; };
		30B7626D2AF5BBBD00836AF2 /* walking.gif in Resources */ = {isa = PBXBuildFile; fileRef = 30B7626F2AF5BBBD00836AF2 /* walking.gif */; };
		30B762712AF5BBC500836AF2 /* walking.gif in Resources */ = {isa = PBXBuildFile; fileRef = 30B762732AF5BBC500836AF2 /* walking.gif */; };
		30B762792AF5BBE800836AF2 /* car.gif in Resources */ = {isa = PBXBuildFile; fileRef = 30B7627B2AF5BBE800836AF2 /* car.gif */; };
		30B762802AF5BC8600836AF2 /* car.gif in Resources */ = {isa = PBXBuildFile; fileRef = 30B762822AF5BC8600836AF2 /* car.gif */; };
		30BE9B732AE5BA5600E5D107 /* CLLocation+EXT.swift in Sources */ = {isa = PBXBuildFile; fileRef = 30BE9B722AE5BA5600E5D107 /* CLLocation+EXT.swift */; };
		30C906102AFFBCB800E8F3DA /* MKStep+EXT.swift in Sources */ = {isa = PBXBuildFile; fileRef = 30C9060F2AFFBCB800E8F3DA /* MKStep+EXT.swift */; };
		30C906122AFFBFBF00E8F3DA /* RegionManager.swift in Sources */ = {isa = PBXBuildFile; fileRef = 30C906112AFFBFBF00E8F3DA /* RegionManager.swift */; };
		30CD17332AE60A8D0022418E /* StepTableViewCell.swift in Sources */ = {isa = PBXBuildFile; fileRef = 30CD17312AE60A8D0022418E /* StepTableViewCell.swift */; };
		30CD17342AE60A8D0022418E /* StepTableViewCell.xib in Resources */ = {isa = PBXBuildFile; fileRef = 30CD17322AE60A8D0022418E /* StepTableViewCell.xib */; };
		30DB59542ADF2FA400863053 /* PlaceTableViewCell.swift in Sources */ = {isa = PBXBuildFile; fileRef = 30DB59522ADF2FA400863053 /* PlaceTableViewCell.swift */; };
		30DB59552ADF2FA400863053 /* PlaceTableViewCell.xib in Resources */ = {isa = PBXBuildFile; fileRef = 30DB59532ADF2FA400863053 /* PlaceTableViewCell.xib */; };
		30DD29492B0100D7005E2336 /* mapError.gif in Resources */ = {isa = PBXBuildFile; fileRef = 30DD29482B0100D7005E2336 /* mapError.gif */; };
		30DD294C2B01A192005E2336 /* SettingsTableViewCell.swift in Sources */ = {isa = PBXBuildFile; fileRef = 30DD294A2B01A191005E2336 /* SettingsTableViewCell.swift */; };
		30DD294D2B01A192005E2336 /* SettingsTableViewCell.xib in Resources */ = {isa = PBXBuildFile; fileRef = 30DD294B2B01A191005E2336 /* SettingsTableViewCell.xib */; };
		30DD29532B01A2D7005E2336 /* HeaderViewWithButton.swift in Sources */ = {isa = PBXBuildFile; fileRef = 30DD29522B01A2D7005E2336 /* HeaderViewWithButton.swift */; };
		30DD29552B01A2F3005E2336 /* HeaderViewWithButton.xib in Resources */ = {isa = PBXBuildFile; fileRef = 30DD29542B01A2F3005E2336 /* HeaderViewWithButton.xib */; };
		30DD29572B01A39D005E2336 /* SettingsViewController.swift in Sources */ = {isa = PBXBuildFile; fileRef = 30DD29562B01A39D005E2336 /* SettingsViewController.swift */; };
		30E54BC52AFC2F9F001BC8B1 /* LoaderView.swift in Sources */ = {isa = PBXBuildFile; fileRef = 30E54BC42AFC2F9F001BC8B1 /* LoaderView.swift */; };
		30E54BC72AFC2FB1001BC8B1 /* LoaderView.xib in Resources */ = {isa = PBXBuildFile; fileRef = 30E54BC62AFC2FB1001BC8B1 /* LoaderView.xib */; };
		30F35AC32ADDBD850015CCD7 /* AppDelegate.swift in Sources */ = {isa = PBXBuildFile; fileRef = 30F35AC22ADDBD850015CCD7 /* AppDelegate.swift */; };
		30F35AC52ADDBD850015CCD7 /* SceneDelegate.swift in Sources */ = {isa = PBXBuildFile; fileRef = 30F35AC42ADDBD850015CCD7 /* SceneDelegate.swift */; };
		30F35ACA2ADDBD850015CCD7 /* Main.storyboard in Resources */ = {isa = PBXBuildFile; fileRef = 30F35AC82ADDBD850015CCD7 /* Main.storyboard */; };
		30F35ACD2ADDBD850015CCD7 /* AR.xcdatamodeld in Sources */ = {isa = PBXBuildFile; fileRef = 30F35ACB2ADDBD850015CCD7 /* AR.xcdatamodeld */; };
		30F35ACF2ADDBD890015CCD7 /* Assets.xcassets in Resources */ = {isa = PBXBuildFile; fileRef = 30F35ACE2ADDBD890015CCD7 /* Assets.xcassets */; };
		30F35AD22ADDBD890015CCD7 /* LaunchScreen.storyboard in Resources */ = {isa = PBXBuildFile; fileRef = 30F35AD02ADDBD890015CCD7 /* LaunchScreen.storyboard */; };
		30F35ADD2ADDBD8A0015CCD7 /* ARTests.swift in Sources */ = {isa = PBXBuildFile; fileRef = 30F35ADC2ADDBD8A0015CCD7 /* ARTests.swift */; };
		30F35AE72ADDBD8A0015CCD7 /* ARUITests.swift in Sources */ = {isa = PBXBuildFile; fileRef = 30F35AE62ADDBD8A0015CCD7 /* ARUITests.swift */; };
		30F35AE92ADDBD8A0015CCD7 /* ARUITestsLaunchTests.swift in Sources */ = {isa = PBXBuildFile; fileRef = 30F35AE82ADDBD8A0015CCD7 /* ARUITestsLaunchTests.swift */; };
		30F35AF62ADEBF8A0015CCD7 /* RegularNavigationView.swift in Sources */ = {isa = PBXBuildFile; fileRef = 30F35AF52ADEBF8A0015CCD7 /* RegularNavigationView.swift */; };
		30F35AF82ADEBFE20015CCD7 /* ARNavigationView.swift in Sources */ = {isa = PBXBuildFile; fileRef = 30F35AF72ADEBFE20015CCD7 /* ARNavigationView.swift */; };
		30F35AFD2ADEC4620015CCD7 /* CleanView.swift in Sources */ = {isa = PBXBuildFile; fileRef = 30F35AFB2ADEC4620015CCD7 /* CleanView.swift */; };
		30F35AFE2ADEC4620015CCD7 /* CleanView.xib in Resources */ = {isa = PBXBuildFile; fileRef = 30F35AFC2ADEC4620015CCD7 /* CleanView.xib */; };
		30F35B002ADEC4DF0015CCD7 /* UIView+EXT.swift in Sources */ = {isa = PBXBuildFile; fileRef = 30F35AFF2ADEC4DF0015CCD7 /* UIView+EXT.swift */; };
		30F35B022ADEC58C0015CCD7 /* RegularNavigationView.xib in Resources */ = {isa = PBXBuildFile; fileRef = 30F35B012ADEC58C0015CCD7 /* RegularNavigationView.xib */; };
		30F35B042ADEE50B0015CCD7 /* UIImage+Ext.swift in Sources */ = {isa = PBXBuildFile; fileRef = 30F35B032ADEE50A0015CCD7 /* UIImage+Ext.swift */; };
		4F1A587E2B192B4800D70720 /* FloatingPoint+EXT.swift in Sources */ = {isa = PBXBuildFile; fileRef = 4F1A587D2B192B4800D70720 /* FloatingPoint+EXT.swift */; };
		4FAB8D402B17975D0031C1D9 /* SDK in Frameworks */ = {isa = PBXBuildFile; productRef = 4FAB8D3F2B17975D0031C1D9 /* SDK */; };
		4FAB8D422B17985C0031C1D9 /* SceneLocationView+EXT.swift in Sources */ = {isa = PBXBuildFile; fileRef = 4FAB8D412B17985C0031C1D9 /* SceneLocationView+EXT.swift */; };
		4FAB8D462B17AC320031C1D9 /* Network.swift in Sources */ = {isa = PBXBuildFile; fileRef = 4FAB8D442B17AC310031C1D9 /* Network.swift */; };
		4FAB8D492B17B30D0031C1D9 /* LogsAPI.swift in Sources */ = {isa = PBXBuildFile; fileRef = 4FAB8D482B17B30D0031C1D9 /* LogsAPI.swift */; };
		4FAB8D4B2B17B5830031C1D9 /* Timer+EXT.swift in Sources */ = {isa = PBXBuildFile; fileRef = 4FAB8D4A2B17B5830031C1D9 /* Timer+EXT.swift */; };
		4FAB8D4E2B17E6230031C1D9 /* IDProvider.swift in Sources */ = {isa = PBXBuildFile; fileRef = 4FAB8D4D2B17E6230031C1D9 /* IDProvider.swift */; };
		4FAB8D502B187B4B0031C1D9 /* ARArrow.swift in Sources */ = {isa = PBXBuildFile; fileRef = 4FAB8D4F2B187B4B0031C1D9 /* ARArrow.swift */; };
		4FAB8D522B18ADF90031C1D9 /* SCNVector3+EXT.swift in Sources */ = {isa = PBXBuildFile; fileRef = 4FAB8D512B18ADF90031C1D9 /* SCNVector3+EXT.swift */; };
		4FB221CD2B0BF61100D1FC84 /* CameraManager.swift in Sources */ = {isa = PBXBuildFile; fileRef = 4FB221CC2B0BF61100D1FC84 /* CameraManager.swift */; };
		4FB221CF2B0BF7E500D1FC84 /* NavigationManager.swift in Sources */ = {isa = PBXBuildFile; fileRef = 4FB221CE2B0BF7E500D1FC84 /* NavigationManager.swift */; };
		4FB4B2FF2B1BDE5200696E41 /* GoToStartView.swift in Sources */ = {isa = PBXBuildFile; fileRef = 4FB4B2FE2B1BDE5200696E41 /* GoToStartView.swift */; };
		4FB4B3012B1BDE7800696E41 /* GoToStartView.xib in Resources */ = {isa = PBXBuildFile; fileRef = 4FB4B3002B1BDE7800696E41 /* GoToStartView.xib */; };
		6D47A2397D4AACDF7E27590F /* Pods_ARGo.framework in Frameworks */ = {isa = PBXBuildFile; fileRef = 8A3414E5E1E5F5E1D5AEB812 /* Pods_ARGo.framework */; };
		B6D7FCB9E06F1D31D27118E7 /* Pods_ARGo_ARGoUITests.framework in Frameworks */ = {isa = PBXBuildFile; fileRef = D29342C625FBD9EF38B4F534 /* Pods_ARGo_ARGoUITests.framework */; };
		B835E90C747E60EB291A515F /* Pods_ARGoTests.framework in Frameworks */ = {isa = PBXBuildFile; fileRef = 8FFAAE0F6AE903A1F221373D /* Pods_ARGoTests.framework */; };
/* End PBXBuildFile section */

/* Begin PBXContainerItemProxy section */
		30F35AD92ADDBD8A0015CCD7 /* PBXContainerItemProxy */ = {
			isa = PBXContainerItemProxy;
			containerPortal = 30F35AB72ADDBD850015CCD7 /* Project object */;
			proxyType = 1;
			remoteGlobalIDString = 30F35ABE2ADDBD850015CCD7;
			remoteInfo = AR;
		};
		30F35AE32ADDBD8A0015CCD7 /* PBXContainerItemProxy */ = {
			isa = PBXContainerItemProxy;
			containerPortal = 30F35AB72ADDBD850015CCD7 /* Project object */;
			proxyType = 1;
			remoteGlobalIDString = 30F35ABE2ADDBD850015CCD7;
			remoteInfo = AR;
		};
/* End PBXContainerItemProxy section */

/* Begin PBXFileReference section */
		28774F004EE2F9BD01A65491 /* Pods-ARTests.release.xcconfig */ = {isa = PBXFileReference; includeInIndex = 1; lastKnownFileType = text.xcconfig; name = "Pods-ARTests.release.xcconfig"; path = "Target Support Files/Pods-ARTests/Pods-ARTests.release.xcconfig"; sourceTree = "<group>"; };
		3006C1D42AFCF7140019C9D9 /* MKPolyline+EXT.swift */ = {isa = PBXFileReference; lastKnownFileType = sourcecode.swift; path = "MKPolyline+EXT.swift"; sourceTree = "<group>"; };
		30073AC02AFDF668008D7A29 /* AppTrackingTransparency.framework */ = {isa = PBXFileReference; lastKnownFileType = wrapper.framework; name = AppTrackingTransparency.framework; path = System/Library/Frameworks/AppTrackingTransparency.framework; sourceTree = SDKROOT; };
		30073AC22AFE0485008D7A29 /* ConfirmRouteViewController.swift */ = {isa = PBXFileReference; lastKnownFileType = sourcecode.swift; path = ConfirmRouteViewController.swift; sourceTree = "<group>"; };
		30073AC42AFE0696008D7A29 /* ConfirmRouteView.swift */ = {isa = PBXFileReference; lastKnownFileType = sourcecode.swift; path = ConfirmRouteView.swift; sourceTree = "<group>"; };
		30073AC62AFE06A2008D7A29 /* ConfirmRouteView.xib */ = {isa = PBXFileReference; lastKnownFileType = file.xib; path = ConfirmRouteView.xib; sourceTree = "<group>"; };
		300745072AF7C31B0006079A /* LocationManager.swift */ = {isa = PBXFileReference; lastKnownFileType = sourcecode.swift; path = LocationManager.swift; sourceTree = "<group>"; };
		3012B6052B00255700EA0814 /* route.gif */ = {isa = PBXFileReference; lastKnownFileType = image.gif; path = route.gif; sourceTree = "<group>"; };
		3024736B2AF61BAC008300B2 /* AudioManager.swift */ = {isa = PBXFileReference; fileEncoding = 4; lastKnownFileType = sourcecode.swift; path = AudioManager.swift; sourceTree = "<group>"; };
		3024736F2AF61CFB008300B2 /* recalculate.mp3 */ = {isa = PBXFileReference; lastKnownFileType = audio.mp3; path = recalculate.mp3; sourceTree = "<group>"; };
		303436572AFED2EA005CDD4D /* UIViewControler+EXT.swift */ = {isa = PBXFileReference; lastKnownFileType = sourcecode.swift; path = "UIViewControler+EXT.swift"; sourceTree = "<group>"; };
		3034365D2AFEF745005CDD4D /* clock.gif */ = {isa = PBXFileReference; lastKnownFileType = image.gif; path = clock.gif; sourceTree = "<group>"; };
		3059D3412AF39AC100252FB7 /* UIColor+EXT.swift */ = {isa = PBXFileReference; lastKnownFileType = sourcecode.swift; path = "UIColor+EXT.swift"; sourceTree = "<group>"; };
		306839112AFE3E9700C25CDD /* ScreenNavigationViewController.swift */ = {isa = PBXFileReference; lastKnownFileType = sourcecode.swift; path = ScreenNavigationViewController.swift; sourceTree = "<group>"; };
		306839132AFE520C00C25CDD /* LocationApprovalViewController.swift */ = {isa = PBXFileReference; lastKnownFileType = sourcecode.swift; path = LocationApprovalViewController.swift; sourceTree = "<group>"; };
		306839152AFE611000C25CDD /* AdsManager.swift */ = {isa = PBXFileReference; lastKnownFileType = sourcecode.swift; path = AdsManager.swift; sourceTree = "<group>"; };
		306839172AFE84D000C25CDD /* CustomGADBannerView.swift */ = {isa = PBXFileReference; lastKnownFileType = sourcecode.swift; path = CustomGADBannerView.swift; sourceTree = "<group>"; };
		3068EEFF2B022FBB000C8827 /* CheckMarkTableViewCell.swift */ = {isa = PBXFileReference; lastKnownFileType = sourcecode.swift; path = CheckMarkTableViewCell.swift; sourceTree = "<group>"; };
		3068EF002B022FBB000C8827 /* CheckMarkTableViewCell.xib */ = {isa = PBXFileReference; lastKnownFileType = file.xib; path = CheckMarkTableViewCell.xib; sourceTree = "<group>"; };
		3068EF152B025CFE000C8827 /* changeColor.gif */ = {isa = PBXFileReference; lastKnownFileType = image.gif; path = changeColor.gif; sourceTree = "<group>"; };
		3068EF172B026E22000C8827 /* SubscriptionManager.swift */ = {isa = PBXFileReference; fileEncoding = 4; lastKnownFileType = sourcecode.swift; path = SubscriptionManager.swift; sourceTree = "<group>"; };
		3068EF192B028048000C8827 /* ARGoNoAds.storekit */ = {isa = PBXFileReference; lastKnownFileType = text; path = ARGoNoAds.storekit; sourceTree = "<group>"; };
		3068EF1A2B02822A000C8827 /* StoreKit.framework */ = {isa = PBXFileReference; lastKnownFileType = wrapper.framework; name = StoreKit.framework; path = System/Library/Frameworks/StoreKit.framework; sourceTree = SDKROOT; };
		3068EF1C2B02B28B000C8827 /* RemoveAdsTableViewCell.swift */ = {isa = PBXFileReference; lastKnownFileType = sourcecode.swift; path = RemoveAdsTableViewCell.swift; sourceTree = "<group>"; };
		3068EF1D2B02B28B000C8827 /* RemoveAdsTableViewCell.xib */ = {isa = PBXFileReference; lastKnownFileType = file.xib; path = RemoveAdsTableViewCell.xib; sourceTree = "<group>"; };
		307F4C422AE5E36700AC036E /* EnvironmentManager.swift */ = {isa = PBXFileReference; fileEncoding = 4; lastKnownFileType = sourcecode.swift; path = EnvironmentManager.swift; sourceTree = "<group>"; };
		307F4C442AE5E65400AC036E /* AdMobUnitID.swift */ = {isa = PBXFileReference; lastKnownFileType = sourcecode.swift; path = AdMobUnitID.swift; sourceTree = "<group>"; };
		30884C622AFBEC98000BC20A /* NavigationViewControllerDelegate.swift */ = {isa = PBXFileReference; lastKnownFileType = sourcecode.swift; path = NavigationViewControllerDelegate.swift; sourceTree = "<group>"; };
		30884C642AFBEF86000BC20A /* NavigationViewController.swift */ = {isa = PBXFileReference; lastKnownFileType = sourcecode.swift; path = NavigationViewController.swift; sourceTree = "<group>"; };
		3090C7A52ADF18800007017C /* PickDestinationViewController.swift */ = {isa = PBXFileReference; lastKnownFileType = sourcecode.swift; path = PickDestinationViewController.swift; sourceTree = "<group>"; };
		30A069412AE040D4001AB80F /* NavigationContainerViewController.swift */ = {isa = PBXFileReference; lastKnownFileType = sourcecode.swift; path = NavigationContainerViewController.swift; sourceTree = "<group>"; };
		30A069452AE05938001AB80F /* NavigationTabViewController.swift */ = {isa = PBXFileReference; lastKnownFileType = sourcecode.swift; path = NavigationTabViewController.swift; sourceTree = "<group>"; };
		30A069472AE05D1D001AB80F /* ARNavigationViewController.swift */ = {isa = PBXFileReference; lastKnownFileType = sourcecode.swift; path = ARNavigationViewController.swift; sourceTree = "<group>"; };
		30A069492AE05D40001AB80F /* RegularNavigationViewController.swift */ = {isa = PBXFileReference; lastKnownFileType = sourcecode.swift; path = RegularNavigationViewController.swift; sourceTree = "<group>"; };
		30B1893A2AF6F10600719E0D /* Local+EXT.swift */ = {isa = PBXFileReference; lastKnownFileType = sourcecode.swift; path = "Local+EXT.swift"; sourceTree = "<group>"; };
		30B189562AF71DCA00719E0D /* en */ = {isa = PBXFileReference; lastKnownFileType = image.gif; name = en; path = en.lproj/voice.gif; sourceTree = "<group>"; };
		30B1895B2AF71DDD00719E0D /* he */ = {isa = PBXFileReference; lastKnownFileType = image.gif; name = he; path = he.lproj/voice.gif; sourceTree = "<group>"; };
		30B762522AF5B47600836AF2 /* Localizable.xcstrings */ = {isa = PBXFileReference; lastKnownFileType = text.json.xcstrings; path = Localizable.xcstrings; sourceTree = "<group>"; };
		30B762542AF5B69100836AF2 /* UILabel+EXT.swift */ = {isa = PBXFileReference; lastKnownFileType = sourcecode.swift; path = "UILabel+EXT.swift"; sourceTree = "<group>"; };
		30B762562AF5B75C00836AF2 /* UIButton+EXT.swift */ = {isa = PBXFileReference; lastKnownFileType = sourcecode.swift; path = "UIButton+EXT.swift"; sourceTree = "<group>"; };
		30B762582AF5B7A100836AF2 /* UISearchBar+EXT.swift */ = {isa = PBXFileReference; lastKnownFileType = sourcecode.swift; path = "UISearchBar+EXT.swift"; sourceTree = "<group>"; };
		30B7627C2AF5BBE900836AF2 /* he */ = {isa = PBXFileReference; lastKnownFileType = image.gif; name = he; path = he.lproj/car.gif; sourceTree = "<group>"; };
		30B762842AF5BC9400836AF2 /* en */ = {isa = PBXFileReference; lastKnownFileType = image.gif; name = en; path = en.lproj/car.gif; sourceTree = "<group>"; };
		30B762852AF5BCA000836AF2 /* he */ = {isa = PBXFileReference; lastKnownFileType = image.gif; name = he; path = he.lproj/walking.gif; sourceTree = "<group>"; };
		30B762862AF5BCAB00836AF2 /* en */ = {isa = PBXFileReference; lastKnownFileType = image.gif; name = en; path = en.lproj/walking.gif; sourceTree = "<group>"; };
		30BE9B722AE5BA5600E5D107 /* CLLocation+EXT.swift */ = {isa = PBXFileReference; lastKnownFileType = sourcecode.swift; path = "CLLocation+EXT.swift"; sourceTree = "<group>"; };
		30C9060F2AFFBCB800E8F3DA /* MKStep+EXT.swift */ = {isa = PBXFileReference; lastKnownFileType = sourcecode.swift; path = "MKStep+EXT.swift"; sourceTree = "<group>"; };
		30C906112AFFBFBF00E8F3DA /* RegionManager.swift */ = {isa = PBXFileReference; lastKnownFileType = sourcecode.swift; path = RegionManager.swift; sourceTree = "<group>"; };
		30CD17312AE60A8D0022418E /* StepTableViewCell.swift */ = {isa = PBXFileReference; lastKnownFileType = sourcecode.swift; path = StepTableViewCell.swift; sourceTree = "<group>"; };
		30CD17322AE60A8D0022418E /* StepTableViewCell.xib */ = {isa = PBXFileReference; lastKnownFileType = file.xib; path = StepTableViewCell.xib; sourceTree = "<group>"; };
		30DB59522ADF2FA400863053 /* PlaceTableViewCell.swift */ = {isa = PBXFileReference; lastKnownFileType = sourcecode.swift; path = PlaceTableViewCell.swift; sourceTree = "<group>"; };
		30DB59532ADF2FA400863053 /* PlaceTableViewCell.xib */ = {isa = PBXFileReference; lastKnownFileType = file.xib; path = PlaceTableViewCell.xib; sourceTree = "<group>"; };
		30DD29482B0100D7005E2336 /* mapError.gif */ = {isa = PBXFileReference; lastKnownFileType = image.gif; path = mapError.gif; sourceTree = "<group>"; };
		30DD294A2B01A191005E2336 /* SettingsTableViewCell.swift */ = {isa = PBXFileReference; lastKnownFileType = sourcecode.swift; path = SettingsTableViewCell.swift; sourceTree = "<group>"; };
		30DD294B2B01A191005E2336 /* SettingsTableViewCell.xib */ = {isa = PBXFileReference; lastKnownFileType = file.xib; path = SettingsTableViewCell.xib; sourceTree = "<group>"; };
		30DD29522B01A2D7005E2336 /* HeaderViewWithButton.swift */ = {isa = PBXFileReference; lastKnownFileType = sourcecode.swift; path = HeaderViewWithButton.swift; sourceTree = "<group>"; };
		30DD29542B01A2F3005E2336 /* HeaderViewWithButton.xib */ = {isa = PBXFileReference; lastKnownFileType = file.xib; path = HeaderViewWithButton.xib; sourceTree = "<group>"; };
		30DD29562B01A39D005E2336 /* SettingsViewController.swift */ = {isa = PBXFileReference; lastKnownFileType = sourcecode.swift; path = SettingsViewController.swift; sourceTree = "<group>"; };
		30E54BC42AFC2F9F001BC8B1 /* LoaderView.swift */ = {isa = PBXFileReference; lastKnownFileType = sourcecode.swift; path = LoaderView.swift; sourceTree = "<group>"; };
		30E54BC62AFC2FB1001BC8B1 /* LoaderView.xib */ = {isa = PBXFileReference; lastKnownFileType = file.xib; path = LoaderView.xib; sourceTree = "<group>"; };
		30F35ABF2ADDBD850015CCD7 /* ARGo.app */ = {isa = PBXFileReference; explicitFileType = wrapper.application; includeInIndex = 0; path = ARGo.app; sourceTree = BUILT_PRODUCTS_DIR; };
		30F35AC22ADDBD850015CCD7 /* AppDelegate.swift */ = {isa = PBXFileReference; lastKnownFileType = sourcecode.swift; path = AppDelegate.swift; sourceTree = "<group>"; };
		30F35AC42ADDBD850015CCD7 /* SceneDelegate.swift */ = {isa = PBXFileReference; lastKnownFileType = sourcecode.swift; path = SceneDelegate.swift; sourceTree = "<group>"; };
		30F35AC92ADDBD850015CCD7 /* Base */ = {isa = PBXFileReference; lastKnownFileType = file.storyboard; name = Base; path = Base.lproj/Main.storyboard; sourceTree = "<group>"; };
		30F35ACC2ADDBD850015CCD7 /* AR.xcdatamodel */ = {isa = PBXFileReference; lastKnownFileType = wrapper.xcdatamodel; path = AR.xcdatamodel; sourceTree = "<group>"; };
		30F35ACE2ADDBD890015CCD7 /* Assets.xcassets */ = {isa = PBXFileReference; lastKnownFileType = folder.assetcatalog; path = Assets.xcassets; sourceTree = "<group>"; };
		30F35AD12ADDBD890015CCD7 /* Base */ = {isa = PBXFileReference; lastKnownFileType = file.storyboard; name = Base; path = Base.lproj/LaunchScreen.storyboard; sourceTree = "<group>"; };
		30F35AD32ADDBD890015CCD7 /* Info.plist */ = {isa = PBXFileReference; lastKnownFileType = text.plist.xml; path = Info.plist; sourceTree = "<group>"; };
		30F35AD82ADDBD8A0015CCD7 /* ARGoTests.xctest */ = {isa = PBXFileReference; explicitFileType = wrapper.cfbundle; includeInIndex = 0; path = ARGoTests.xctest; sourceTree = BUILT_PRODUCTS_DIR; };
		30F35ADC2ADDBD8A0015CCD7 /* ARTests.swift */ = {isa = PBXFileReference; lastKnownFileType = sourcecode.swift; path = ARTests.swift; sourceTree = "<group>"; };
		30F35AE22ADDBD8A0015CCD7 /* ARGoUITests.xctest */ = {isa = PBXFileReference; explicitFileType = wrapper.cfbundle; includeInIndex = 0; path = ARGoUITests.xctest; sourceTree = BUILT_PRODUCTS_DIR; };
		30F35AE62ADDBD8A0015CCD7 /* ARUITests.swift */ = {isa = PBXFileReference; lastKnownFileType = sourcecode.swift; path = ARUITests.swift; sourceTree = "<group>"; };
		30F35AE82ADDBD8A0015CCD7 /* ARUITestsLaunchTests.swift */ = {isa = PBXFileReference; lastKnownFileType = sourcecode.swift; path = ARUITestsLaunchTests.swift; sourceTree = "<group>"; };
		30F35AF52ADEBF8A0015CCD7 /* RegularNavigationView.swift */ = {isa = PBXFileReference; lastKnownFileType = sourcecode.swift; path = RegularNavigationView.swift; sourceTree = "<group>"; };
		30F35AF72ADEBFE20015CCD7 /* ARNavigationView.swift */ = {isa = PBXFileReference; lastKnownFileType = sourcecode.swift; path = ARNavigationView.swift; sourceTree = "<group>"; };
		30F35AFB2ADEC4620015CCD7 /* CleanView.swift */ = {isa = PBXFileReference; fileEncoding = 4; lastKnownFileType = sourcecode.swift; path = CleanView.swift; sourceTree = "<group>"; };
		30F35AFC2ADEC4620015CCD7 /* CleanView.xib */ = {isa = PBXFileReference; fileEncoding = 4; lastKnownFileType = file.xib; path = CleanView.xib; sourceTree = "<group>"; };
		30F35AFF2ADEC4DF0015CCD7 /* UIView+EXT.swift */ = {isa = PBXFileReference; lastKnownFileType = sourcecode.swift; path = "UIView+EXT.swift"; sourceTree = "<group>"; };
		30F35B012ADEC58C0015CCD7 /* RegularNavigationView.xib */ = {isa = PBXFileReference; lastKnownFileType = file.xib; path = RegularNavigationView.xib; sourceTree = "<group>"; };
		30F35B032ADEE50A0015CCD7 /* UIImage+Ext.swift */ = {isa = PBXFileReference; lastKnownFileType = sourcecode.swift; path = "UIImage+Ext.swift"; sourceTree = "<group>"; };
		383CD025116878080001392A /* Pods-ARGoTests.debug.xcconfig */ = {isa = PBXFileReference; includeInIndex = 1; lastKnownFileType = text.xcconfig; name = "Pods-ARGoTests.debug.xcconfig"; path = "Target Support Files/Pods-ARGoTests/Pods-ARGoTests.debug.xcconfig"; sourceTree = "<group>"; };
		3FB44A2BDB5E98B59EC73B7E /* Pods-ARTests.debug.xcconfig */ = {isa = PBXFileReference; includeInIndex = 1; lastKnownFileType = text.xcconfig; name = "Pods-ARTests.debug.xcconfig"; path = "Target Support Files/Pods-ARTests/Pods-ARTests.debug.xcconfig"; sourceTree = "<group>"; };
		4F1A587D2B192B4800D70720 /* FloatingPoint+EXT.swift */ = {isa = PBXFileReference; lastKnownFileType = sourcecode.swift; path = "FloatingPoint+EXT.swift"; sourceTree = "<group>"; };
		4FAB8D412B17985C0031C1D9 /* SceneLocationView+EXT.swift */ = {isa = PBXFileReference; lastKnownFileType = sourcecode.swift; path = "SceneLocationView+EXT.swift"; sourceTree = "<group>"; };
		4FAB8D442B17AC310031C1D9 /* Network.swift */ = {isa = PBXFileReference; fileEncoding = 4; lastKnownFileType = sourcecode.swift; path = Network.swift; sourceTree = "<group>"; };
		4FAB8D482B17B30D0031C1D9 /* LogsAPI.swift */ = {isa = PBXFileReference; lastKnownFileType = sourcecode.swift; path = LogsAPI.swift; sourceTree = "<group>"; };
		4FAB8D4A2B17B5830031C1D9 /* Timer+EXT.swift */ = {isa = PBXFileReference; lastKnownFileType = sourcecode.swift; path = "Timer+EXT.swift"; sourceTree = "<group>"; };
		4FAB8D4D2B17E6230031C1D9 /* IDProvider.swift */ = {isa = PBXFileReference; lastKnownFileType = sourcecode.swift; path = IDProvider.swift; sourceTree = "<group>"; };
		4FAB8D4F2B187B4B0031C1D9 /* ARArrow.swift */ = {isa = PBXFileReference; lastKnownFileType = sourcecode.swift; path = ARArrow.swift; sourceTree = "<group>"; };
		4FAB8D512B18ADF90031C1D9 /* SCNVector3+EXT.swift */ = {isa = PBXFileReference; lastKnownFileType = sourcecode.swift; path = "SCNVector3+EXT.swift"; sourceTree = "<group>"; };
		4FB221CC2B0BF61100D1FC84 /* CameraManager.swift */ = {isa = PBXFileReference; lastKnownFileType = sourcecode.swift; path = CameraManager.swift; sourceTree = "<group>"; };
		4FB221CE2B0BF7E500D1FC84 /* NavigationManager.swift */ = {isa = PBXFileReference; lastKnownFileType = sourcecode.swift; path = NavigationManager.swift; sourceTree = "<group>"; };
		4FB4B2FE2B1BDE5200696E41 /* GoToStartView.swift */ = {isa = PBXFileReference; lastKnownFileType = sourcecode.swift; path = GoToStartView.swift; sourceTree = "<group>"; };
		4FB4B3002B1BDE7800696E41 /* GoToStartView.xib */ = {isa = PBXFileReference; lastKnownFileType = file.xib; path = GoToStartView.xib; sourceTree = "<group>"; };
		6F91391606295B75B4F4E7ED /* Pods-ARGo.release.xcconfig */ = {isa = PBXFileReference; includeInIndex = 1; lastKnownFileType = text.xcconfig; name = "Pods-ARGo.release.xcconfig"; path = "Target Support Files/Pods-ARGo/Pods-ARGo.release.xcconfig"; sourceTree = "<group>"; };
		77B4E36CBAB49F9AF910AEF7 /* Pods-ARGo-ARGoUITests.debug.xcconfig */ = {isa = PBXFileReference; includeInIndex = 1; lastKnownFileType = text.xcconfig; name = "Pods-ARGo-ARGoUITests.debug.xcconfig"; path = "Target Support Files/Pods-ARGo-ARGoUITests/Pods-ARGo-ARGoUITests.debug.xcconfig"; sourceTree = "<group>"; };
		8A3414E5E1E5F5E1D5AEB812 /* Pods_ARGo.framework */ = {isa = PBXFileReference; explicitFileType = wrapper.framework; includeInIndex = 0; path = Pods_ARGo.framework; sourceTree = BUILT_PRODUCTS_DIR; };
		8FFAAE0F6AE903A1F221373D /* Pods_ARGoTests.framework */ = {isa = PBXFileReference; explicitFileType = wrapper.framework; includeInIndex = 0; path = Pods_ARGoTests.framework; sourceTree = BUILT_PRODUCTS_DIR; };
		A69201F2CDBC61055DAC7305 /* Pods-ARGoTests.release.xcconfig */ = {isa = PBXFileReference; includeInIndex = 1; lastKnownFileType = text.xcconfig; name = "Pods-ARGoTests.release.xcconfig"; path = "Target Support Files/Pods-ARGoTests/Pods-ARGoTests.release.xcconfig"; sourceTree = "<group>"; };
		B0F3E70E7838D2A25CE4DB4D /* Pods-ARGo.debug.xcconfig */ = {isa = PBXFileReference; includeInIndex = 1; lastKnownFileType = text.xcconfig; name = "Pods-ARGo.debug.xcconfig"; path = "Target Support Files/Pods-ARGo/Pods-ARGo.debug.xcconfig"; sourceTree = "<group>"; };
		D29342C625FBD9EF38B4F534 /* Pods_ARGo_ARGoUITests.framework */ = {isa = PBXFileReference; explicitFileType = wrapper.framework; includeInIndex = 0; path = Pods_ARGo_ARGoUITests.framework; sourceTree = BUILT_PRODUCTS_DIR; };
		D6618E0C6987C995084A8F17 /* Pods-AR.debug.xcconfig */ = {isa = PBXFileReference; includeInIndex = 1; lastKnownFileType = text.xcconfig; name = "Pods-AR.debug.xcconfig"; path = "Target Support Files/Pods-AR/Pods-AR.debug.xcconfig"; sourceTree = "<group>"; };
		EE70AB46F0E0A9E8FF01DD95 /* Pods-AR-ARUITests.release.xcconfig */ = {isa = PBXFileReference; includeInIndex = 1; lastKnownFileType = text.xcconfig; name = "Pods-AR-ARUITests.release.xcconfig"; path = "Target Support Files/Pods-AR-ARUITests/Pods-AR-ARUITests.release.xcconfig"; sourceTree = "<group>"; };
		F1BE241D833E7CB3BF62B7E9 /* Pods-AR.release.xcconfig */ = {isa = PBXFileReference; includeInIndex = 1; lastKnownFileType = text.xcconfig; name = "Pods-AR.release.xcconfig"; path = "Target Support Files/Pods-AR/Pods-AR.release.xcconfig"; sourceTree = "<group>"; };
		F89B83B22F72FD8A61F78255 /* Pods-ARGo-ARGoUITests.release.xcconfig */ = {isa = PBXFileReference; includeInIndex = 1; lastKnownFileType = text.xcconfig; name = "Pods-ARGo-ARGoUITests.release.xcconfig"; path = "Target Support Files/Pods-ARGo-ARGoUITests/Pods-ARGo-ARGoUITests.release.xcconfig"; sourceTree = "<group>"; };
		FCD1B602C0858E95E874A43A /* Pods-AR-ARUITests.debug.xcconfig */ = {isa = PBXFileReference; includeInIndex = 1; lastKnownFileType = text.xcconfig; name = "Pods-AR-ARUITests.debug.xcconfig"; path = "Target Support Files/Pods-AR-ARUITests/Pods-AR-ARUITests.debug.xcconfig"; sourceTree = "<group>"; };
/* End PBXFileReference section */

/* Begin PBXFrameworksBuildPhase section */
		30F35ABC2ADDBD850015CCD7 /* Frameworks */ = {
			isa = PBXFrameworksBuildPhase;
			buildActionMask = 2147483647;
			files = (
				3068EF1B2B02822A000C8827 /* StoreKit.framework in Frameworks */,
				4FAB8D402B17975D0031C1D9 /* SDK in Frameworks */,
				30073AC12AFDF668008D7A29 /* AppTrackingTransparency.framework in Frameworks */,
				6D47A2397D4AACDF7E27590F /* Pods_ARGo.framework in Frameworks */,
			);
			runOnlyForDeploymentPostprocessing = 0;
		};
		30F35AD52ADDBD8A0015CCD7 /* Frameworks */ = {
			isa = PBXFrameworksBuildPhase;
			buildActionMask = 2147483647;
			files = (
				B835E90C747E60EB291A515F /* Pods_ARGoTests.framework in Frameworks */,
			);
			runOnlyForDeploymentPostprocessing = 0;
		};
		30F35ADF2ADDBD8A0015CCD7 /* Frameworks */ = {
			isa = PBXFrameworksBuildPhase;
			buildActionMask = 2147483647;
			files = (
				B6D7FCB9E06F1D31D27118E7 /* Pods_ARGo_ARGoUITests.framework in Frameworks */,
			);
			runOnlyForDeploymentPostprocessing = 0;
		};
/* End PBXFrameworksBuildPhase section */

/* Begin PBXGroup section */
		3024736D2AF61BBF008300B2 /* Managers */ = {
			isa = PBXGroup;
			children = (
				3068EF172B026E22000C8827 /* SubscriptionManager.swift */,
				307F4C422AE5E36700AC036E /* EnvironmentManager.swift */,
				3024736B2AF61BAC008300B2 /* AudioManager.swift */,
				300745072AF7C31B0006079A /* LocationManager.swift */,
				306839152AFE611000C25CDD /* AdsManager.swift */,
				30C906112AFFBFBF00E8F3DA /* RegionManager.swift */,
				4FB221CC2B0BF61100D1FC84 /* CameraManager.swift */,
				4FB221CE2B0BF7E500D1FC84 /* NavigationManager.swift */,
			);
			path = Managers;
			sourceTree = "<group>";
		};
		3024736E2AF61CF2008300B2 /* Sounds */ = {
			isa = PBXGroup;
			children = (
				3024736F2AF61CFB008300B2 /* recalculate.mp3 */,
			);
			path = Sounds;
			sourceTree = "<group>";
		};
		307F4C412AE5E36700AC036E /* Providers */ = {
			isa = PBXGroup;
			children = (
				307F4C442AE5E65400AC036E /* AdMobUnitID.swift */,
				3068EF192B028048000C8827 /* ARGoNoAds.storekit */,
				4FAB8D4D2B17E6230031C1D9 /* IDProvider.swift */,
			);
			path = Providers;
			sourceTree = "<group>";
		};
		30884C612AFBEC5A000BC20A /* Protocols */ = {
			isa = PBXGroup;
			children = (
				30884C622AFBEC98000BC20A /* NavigationViewControllerDelegate.swift */,
				30884C642AFBEF86000BC20A /* NavigationViewController.swift */,
			);
			path = Protocols;
			sourceTree = "<group>";
		};
		30B762512AF5B45600836AF2 /* Localizations */ = {
			isa = PBXGroup;
			children = (
				30B762522AF5B47600836AF2 /* Localizable.xcstrings */,
			);
			path = Localizations;
			sourceTree = "<group>";
		};
		30C2D9BF2AE0874000981B4A /* AR */ = {
			isa = PBXGroup;
			children = (
				30F35AF72ADEBFE20015CCD7 /* ARNavigationView.swift */,
				30A069472AE05D1D001AB80F /* ARNavigationViewController.swift */,
				4F1A587F2B1B457B00D70720 /* Arrow view */,
			);
			path = AR;
			sourceTree = "<group>";
		};
		30C2D9C02AE0874E00981B4A /* Map */ = {
			isa = PBXGroup;
			children = (
				30F35B012ADEC58C0015CCD7 /* RegularNavigationView.xib */,
				30F35AF52ADEBF8A0015CCD7 /* RegularNavigationView.swift */,
				30A069492AE05D40001AB80F /* RegularNavigationViewController.swift */,
			);
			path = Map;
			sourceTree = "<group>";
		};
		30C2D9C22AE0879400981B4A /* Infrastructure */ = {
			isa = PBXGroup;
			children = (
				30CD17362AE60ADA0022418E /* Custom Views */,
				30CD17352AE60AA60022418E /* Custom Cells */,
			);
			path = Infrastructure;
			sourceTree = "<group>";
		};
		30C2D9C42AE087F500981B4A /* System */ = {
			isa = PBXGroup;
			children = (
				30F35AC22ADDBD850015CCD7 /* AppDelegate.swift */,
				30F35AC42ADDBD850015CCD7 /* SceneDelegate.swift */,
				30F35AC82ADDBD850015CCD7 /* Main.storyboard */,
				30F35AD02ADDBD890015CCD7 /* LaunchScreen.storyboard */,
			);
			path = System;
			sourceTree = "<group>";
		};
		30C2D9C52AE0881200981B4A /* Gifs */ = {
			isa = PBXGroup;
			children = (
				30B189572AF71DCA00719E0D /* voice.gif */,
				30B1895C2AF71DDD00719E0D /* voice.gif */,
				3068EF152B025CFE000C8827 /* changeColor.gif */,
				3012B6052B00255700EA0814 /* route.gif */,
				30DD29482B0100D7005E2336 /* mapError.gif */,
				3034365D2AFEF745005CDD4D /* clock.gif */,
				30B7626F2AF5BBBD00836AF2 /* walking.gif */,
				30B762732AF5BBC500836AF2 /* walking.gif */,
				30B762822AF5BC8600836AF2 /* car.gif */,
				30B7627B2AF5BBE800836AF2 /* car.gif */,
			);
			path = Gifs;
			sourceTree = "<group>";
		};
		30C2D9C62AE0883D00981B4A /* Extensions */ = {
			isa = PBXGroup;
			children = (
				30F35AFF2ADEC4DF0015CCD7 /* UIView+EXT.swift */,
				30F35B032ADEE50A0015CCD7 /* UIImage+Ext.swift */,
				30BE9B722AE5BA5600E5D107 /* CLLocation+EXT.swift */,
				3059D3412AF39AC100252FB7 /* UIColor+EXT.swift */,
				30B762542AF5B69100836AF2 /* UILabel+EXT.swift */,
				30B762562AF5B75C00836AF2 /* UIButton+EXT.swift */,
				30B762582AF5B7A100836AF2 /* UISearchBar+EXT.swift */,
				3006C1D42AFCF7140019C9D9 /* MKPolyline+EXT.swift */,
				303436572AFED2EA005CDD4D /* UIViewControler+EXT.swift */,
				30C9060F2AFFBCB800E8F3DA /* MKStep+EXT.swift */,
				30B1893A2AF6F10600719E0D /* Local+EXT.swift */,
				4FAB8D412B17985C0031C1D9 /* SceneLocationView+EXT.swift */,
				4FAB8D4A2B17B5830031C1D9 /* Timer+EXT.swift */,
				4FAB8D512B18ADF90031C1D9 /* SCNVector3+EXT.swift */,
				4F1A587D2B192B4800D70720 /* FloatingPoint+EXT.swift */,
			);
			path = Extensions;
			sourceTree = "<group>";
		};
		30CD17352AE60AA60022418E /* Custom Cells */ = {
			isa = PBXGroup;
			children = (
				30DB59522ADF2FA400863053 /* PlaceTableViewCell.swift */,
				30DB59532ADF2FA400863053 /* PlaceTableViewCell.xib */,
				30CD17312AE60A8D0022418E /* StepTableViewCell.swift */,
				30CD17322AE60A8D0022418E /* StepTableViewCell.xib */,
				30DD294A2B01A191005E2336 /* SettingsTableViewCell.swift */,
				30DD294B2B01A191005E2336 /* SettingsTableViewCell.xib */,
				3068EEFF2B022FBB000C8827 /* CheckMarkTableViewCell.swift */,
				3068EF002B022FBB000C8827 /* CheckMarkTableViewCell.xib */,
				3068EF1C2B02B28B000C8827 /* RemoveAdsTableViewCell.swift */,
				3068EF1D2B02B28B000C8827 /* RemoveAdsTableViewCell.xib */,
			);
			path = "Custom Cells";
			sourceTree = "<group>";
		};
		30CD17362AE60ADA0022418E /* Custom Views */ = {
			isa = PBXGroup;
			children = (
				30F35AFB2ADEC4620015CCD7 /* CleanView.swift */,
				30F35AFC2ADEC4620015CCD7 /* CleanView.xib */,
				30E54BC42AFC2F9F001BC8B1 /* LoaderView.swift */,
				30E54BC62AFC2FB1001BC8B1 /* LoaderView.xib */,
				30073AC62AFE06A2008D7A29 /* ConfirmRouteView.xib */,
				30073AC42AFE0696008D7A29 /* ConfirmRouteView.swift */,
				30DD29522B01A2D7005E2336 /* HeaderViewWithButton.swift */,
				30DD29542B01A2F3005E2336 /* HeaderViewWithButton.xib */,
				306839172AFE84D000C25CDD /* CustomGADBannerView.swift */,
				4FB4B2FE2B1BDE5200696E41 /* GoToStartView.swift */,
				4FB4B3002B1BDE7800696E41 /* GoToStartView.xib */,
			);
			name = "Custom Views";
			path = "Views/Custom Views";
			sourceTree = "<group>";
		};
		30E54BC92AFCCC43001BC8B1 /* View Controllers */ = {
			isa = PBXGroup;
			children = (
				30DD29562B01A39D005E2336 /* SettingsViewController.swift */,
				3090C7A52ADF18800007017C /* PickDestinationViewController.swift */,
				306839112AFE3E9700C25CDD /* ScreenNavigationViewController.swift */,
				30073AC22AFE0485008D7A29 /* ConfirmRouteViewController.swift */,
				30A069412AE040D4001AB80F /* NavigationContainerViewController.swift */,
				30A069452AE05938001AB80F /* NavigationTabViewController.swift */,
				306839132AFE520C00C25CDD /* LocationApprovalViewController.swift */,
			);
			path = "View Controllers";
			sourceTree = "<group>";
		};
		30E54BCB2AFCCD43001BC8B1 /* Views */ = {
			isa = PBXGroup;
			children = (
				30C2D9C02AE0874E00981B4A /* Map */,
				30C2D9BF2AE0874000981B4A /* AR */,
			);
			path = Views;
			sourceTree = "<group>";
		};
		30F35AB62ADDBD850015CCD7 = {
			isa = PBXGroup;
			children = (
				30F35AC12ADDBD850015CCD7 /* ARGo */,
				30F35ADB2ADDBD8A0015CCD7 /* ARTests */,
				30F35AE52ADDBD8A0015CCD7 /* ARUITests */,
				30F35AC02ADDBD850015CCD7 /* Products */,
				588F7439749A5449C7420652 /* Pods */,
				58C1AC741EE2443E321CFE5F /* Frameworks */,
			);
			sourceTree = "<group>";
		};
		30F35AC02ADDBD850015CCD7 /* Products */ = {
			isa = PBXGroup;
			children = (
				30F35ABF2ADDBD850015CCD7 /* ARGo.app */,
				30F35AD82ADDBD8A0015CCD7 /* ARGoTests.xctest */,
				30F35AE22ADDBD8A0015CCD7 /* ARGoUITests.xctest */,
			);
			name = Products;
			sourceTree = "<group>";
		};
		30F35AC12ADDBD850015CCD7 /* ARGo */ = {
			isa = PBXGroup;
			children = (
				30B762512AF5B45600836AF2 /* Localizations */,
				3024736E2AF61CF2008300B2 /* Sounds */,
				30C2D9C52AE0881200981B4A /* Gifs */,
				30C2D9C62AE0883D00981B4A /* Extensions */,
				30884C612AFBEC5A000BC20A /* Protocols */,
				3024736D2AF61BBF008300B2 /* Managers */,
				307F4C412AE5E36700AC036E /* Providers */,
				4FAB8D432B17ABF30031C1D9 /* Network */,
				30C2D9C42AE087F500981B4A /* System */,
				30C2D9C22AE0879400981B4A /* Infrastructure */,
				30E54BC92AFCCC43001BC8B1 /* View Controllers */,
				30E54BCB2AFCCD43001BC8B1 /* Views */,
				30F35ACE2ADDBD890015CCD7 /* Assets.xcassets */,
				30F35AD32ADDBD890015CCD7 /* Info.plist */,
				30F35ACB2ADDBD850015CCD7 /* AR.xcdatamodeld */,
			);
			path = ARGo;
			sourceTree = "<group>";
		};
		30F35ADB2ADDBD8A0015CCD7 /* ARTests */ = {
			isa = PBXGroup;
			children = (
				30F35ADC2ADDBD8A0015CCD7 /* ARTests.swift */,
			);
			path = ARTests;
			sourceTree = "<group>";
		};
		30F35AE52ADDBD8A0015CCD7 /* ARUITests */ = {
			isa = PBXGroup;
			children = (
				30F35AE62ADDBD8A0015CCD7 /* ARUITests.swift */,
				30F35AE82ADDBD8A0015CCD7 /* ARUITestsLaunchTests.swift */,
			);
			path = ARUITests;
			sourceTree = "<group>";
		};
		4F1A587F2B1B457B00D70720 /* Arrow view */ = {
			isa = PBXGroup;
			children = (
				4FAB8D4F2B187B4B0031C1D9 /* ARArrow.swift */,
			);
			path = "Arrow view";
			sourceTree = "<group>";
		};
		4FAB8D432B17ABF30031C1D9 /* Network */ = {
			isa = PBXGroup;
			children = (
				4FAB8D442B17AC310031C1D9 /* Network.swift */,
				4FAB8D4C2B17BAC60031C1D9 /* Api */,
			);
			path = Network;
			sourceTree = "<group>";
		};
		4FAB8D4C2B17BAC60031C1D9 /* Api */ = {
			isa = PBXGroup;
			children = (
				4FAB8D482B17B30D0031C1D9 /* LogsAPI.swift */,
			);
			path = Api;
			sourceTree = "<group>";
		};
		588F7439749A5449C7420652 /* Pods */ = {
			isa = PBXGroup;
			children = (
				D6618E0C6987C995084A8F17 /* Pods-AR.debug.xcconfig */,
				F1BE241D833E7CB3BF62B7E9 /* Pods-AR.release.xcconfig */,
				FCD1B602C0858E95E874A43A /* Pods-AR-ARUITests.debug.xcconfig */,
				EE70AB46F0E0A9E8FF01DD95 /* Pods-AR-ARUITests.release.xcconfig */,
				3FB44A2BDB5E98B59EC73B7E /* Pods-ARTests.debug.xcconfig */,
				28774F004EE2F9BD01A65491 /* Pods-ARTests.release.xcconfig */,
				B0F3E70E7838D2A25CE4DB4D /* Pods-ARGo.debug.xcconfig */,
				6F91391606295B75B4F4E7ED /* Pods-ARGo.release.xcconfig */,
				77B4E36CBAB49F9AF910AEF7 /* Pods-ARGo-ARGoUITests.debug.xcconfig */,
				F89B83B22F72FD8A61F78255 /* Pods-ARGo-ARGoUITests.release.xcconfig */,
				383CD025116878080001392A /* Pods-ARGoTests.debug.xcconfig */,
				A69201F2CDBC61055DAC7305 /* Pods-ARGoTests.release.xcconfig */,
			);
			path = Pods;
			sourceTree = "<group>";
		};
		58C1AC741EE2443E321CFE5F /* Frameworks */ = {
			isa = PBXGroup;
			children = (
				3068EF1A2B02822A000C8827 /* StoreKit.framework */,
				30073AC02AFDF668008D7A29 /* AppTrackingTransparency.framework */,
				8A3414E5E1E5F5E1D5AEB812 /* Pods_ARGo.framework */,
				D29342C625FBD9EF38B4F534 /* Pods_ARGo_ARGoUITests.framework */,
				8FFAAE0F6AE903A1F221373D /* Pods_ARGoTests.framework */,
			);
			name = Frameworks;
			sourceTree = "<group>";
		};
/* End PBXGroup section */

/* Begin PBXNativeTarget section */
		30F35ABE2ADDBD850015CCD7 /* ARGo */ = {
			isa = PBXNativeTarget;
			buildConfigurationList = 30F35AEC2ADDBD8A0015CCD7 /* Build configuration list for PBXNativeTarget "ARGo" */;
			buildPhases = (
				D4C524CF269AF13B56C62214 /* [CP] Check Pods Manifest.lock */,
				30F35ABB2ADDBD850015CCD7 /* Sources */,
				30F35ABC2ADDBD850015CCD7 /* Frameworks */,
				30F35ABD2ADDBD850015CCD7 /* Resources */,
				8C15328C2E4236D3A290DCDC /* [CP] Embed Pods Frameworks */,
			);
			buildRules = (
			);
			dependencies = (
			);
			name = ARGo;
			packageProductDependencies = (
				4FAB8D3F2B17975D0031C1D9 /* SDK */,
			);
			productName = AR;
			productReference = 30F35ABF2ADDBD850015CCD7 /* ARGo.app */;
			productType = "com.apple.product-type.application";
		};
		30F35AD72ADDBD8A0015CCD7 /* ARGoTests */ = {
			isa = PBXNativeTarget;
			buildConfigurationList = 30F35AEF2ADDBD8A0015CCD7 /* Build configuration list for PBXNativeTarget "ARGoTests" */;
			buildPhases = (
				17E98F97021B2E20A1435C72 /* [CP] Check Pods Manifest.lock */,
				30F35AD42ADDBD8A0015CCD7 /* Sources */,
				30F35AD52ADDBD8A0015CCD7 /* Frameworks */,
				30F35AD62ADDBD8A0015CCD7 /* Resources */,
			);
			buildRules = (
			);
			dependencies = (
				30F35ADA2ADDBD8A0015CCD7 /* PBXTargetDependency */,
			);
			name = ARGoTests;
			productName = ARTests;
			productReference = 30F35AD82ADDBD8A0015CCD7 /* ARGoTests.xctest */;
			productType = "com.apple.product-type.bundle.unit-test";
		};
		30F35AE12ADDBD8A0015CCD7 /* ARGoUITests */ = {
			isa = PBXNativeTarget;
			buildConfigurationList = 30F35AF22ADDBD8A0015CCD7 /* Build configuration list for PBXNativeTarget "ARGoUITests" */;
			buildPhases = (
				8BDBBF99835E7BAD54E89DDD /* [CP] Check Pods Manifest.lock */,
				30F35ADE2ADDBD8A0015CCD7 /* Sources */,
				30F35ADF2ADDBD8A0015CCD7 /* Frameworks */,
				30F35AE02ADDBD8A0015CCD7 /* Resources */,
				AB15186EE0B14D3E038600F9 /* [CP] Embed Pods Frameworks */,
			);
			buildRules = (
			);
			dependencies = (
				30F35AE42ADDBD8A0015CCD7 /* PBXTargetDependency */,
			);
			name = ARGoUITests;
			productName = ARUITests;
			productReference = 30F35AE22ADDBD8A0015CCD7 /* ARGoUITests.xctest */;
			productType = "com.apple.product-type.bundle.ui-testing";
		};
/* End PBXNativeTarget section */

/* Begin PBXProject section */
		30F35AB72ADDBD850015CCD7 /* Project object */ = {
			isa = PBXProject;
			attributes = {
				BuildIndependentTargetsInParallel = 1;
				LastSwiftUpdateCheck = 1500;
				LastUpgradeCheck = 1500;
				TargetAttributes = {
					30F35ABE2ADDBD850015CCD7 = {
						CreatedOnToolsVersion = 15.0;
					};
					30F35AD72ADDBD8A0015CCD7 = {
						CreatedOnToolsVersion = 15.0;
						TestTargetID = 30F35ABE2ADDBD850015CCD7;
					};
					30F35AE12ADDBD8A0015CCD7 = {
						CreatedOnToolsVersion = 15.0;
						TestTargetID = 30F35ABE2ADDBD850015CCD7;
					};
				};
			};
			buildConfigurationList = 30F35ABA2ADDBD850015CCD7 /* Build configuration list for PBXProject "ARGo" */;
			compatibilityVersion = "Xcode 13.0";
			developmentRegion = en;
			hasScannedForEncodings = 0;
			knownRegions = (
				en,
				Base,
				he,
			);
			mainGroup = 30F35AB62ADDBD850015CCD7;
			packageReferences = (
				4FAB8D3E2B17975C0031C1D9 /* XCRemoteSwiftPackageReference "SDK" */,
			);
			productRefGroup = 30F35AC02ADDBD850015CCD7 /* Products */;
			projectDirPath = "";
			projectRoot = "";
			targets = (
				30F35ABE2ADDBD850015CCD7 /* ARGo */,
				30F35AD72ADDBD8A0015CCD7 /* ARGoTests */,
				30F35AE12ADDBD8A0015CCD7 /* ARGoUITests */,
			);
		};
/* End PBXProject section */

/* Begin PBXResourcesBuildPhase section */
		30F35ABD2ADDBD850015CCD7 /* Resources */ = {
			isa = PBXResourcesBuildPhase;
			buildActionMask = 2147483647;
			files = (
				30B1895A2AF71DDD00719E0D /* voice.gif in Resources */,
				30B189552AF71DCA00719E0D /* voice.gif in Resources */,
				30B7626D2AF5BBBD00836AF2 /* walking.gif in Resources */,
				30E54BC72AFC2FB1001BC8B1 /* LoaderView.xib in Resources */,
				30B762802AF5BC8600836AF2 /* car.gif in Resources */,
				3068EF022B022FBB000C8827 /* CheckMarkTableViewCell.xib in Resources */,
				30CD17342AE60A8D0022418E /* StepTableViewCell.xib in Resources */,
				3012B6062B00255700EA0814 /* route.gif in Resources */,
				30DD294D2B01A192005E2336 /* SettingsTableViewCell.xib in Resources */,
				30DD29492B0100D7005E2336 /* mapError.gif in Resources */,
				30B762792AF5BBE800836AF2 /* car.gif in Resources */,
				30DB59552ADF2FA400863053 /* PlaceTableViewCell.xib in Resources */,
				30B762712AF5BBC500836AF2 /* walking.gif in Resources */,
				30F35AD22ADDBD890015CCD7 /* LaunchScreen.storyboard in Resources */,
				302473702AF61CFB008300B2 /* recalculate.mp3 in Resources */,
				30F35ACF2ADDBD890015CCD7 /* Assets.xcassets in Resources */,
				30F35AFE2ADEC4620015CCD7 /* CleanView.xib in Resources */,
				3068EF162B025CFE000C8827 /* changeColor.gif in Resources */,
				30073AC72AFE06A2008D7A29 /* ConfirmRouteView.xib in Resources */,
				30F35ACA2ADDBD850015CCD7 /* Main.storyboard in Resources */,
				3034365E2AFEF745005CDD4D /* clock.gif in Resources */,
				3068EF1F2B02B28B000C8827 /* RemoveAdsTableViewCell.xib in Resources */,
				30F35B022ADEC58C0015CCD7 /* RegularNavigationView.xib in Resources */,
				30B762532AF5B47600836AF2 /* Localizable.xcstrings in Resources */,
				30DD29552B01A2F3005E2336 /* HeaderViewWithButton.xib in Resources */,
				4FB4B3012B1BDE7800696E41 /* GoToStartView.xib in Resources */,
			);
			runOnlyForDeploymentPostprocessing = 0;
		};
		30F35AD62ADDBD8A0015CCD7 /* Resources */ = {
			isa = PBXResourcesBuildPhase;
			buildActionMask = 2147483647;
			files = (
			);
			runOnlyForDeploymentPostprocessing = 0;
		};
		30F35AE02ADDBD8A0015CCD7 /* Resources */ = {
			isa = PBXResourcesBuildPhase;
			buildActionMask = 2147483647;
			files = (
			);
			runOnlyForDeploymentPostprocessing = 0;
		};
/* End PBXResourcesBuildPhase section */

/* Begin PBXShellScriptBuildPhase section */
		17E98F97021B2E20A1435C72 /* [CP] Check Pods Manifest.lock */ = {
			isa = PBXShellScriptBuildPhase;
			buildActionMask = 2147483647;
			files = (
			);
			inputFileListPaths = (
			);
			inputPaths = (
				"${PODS_PODFILE_DIR_PATH}/Podfile.lock",
				"${PODS_ROOT}/Manifest.lock",
			);
			name = "[CP] Check Pods Manifest.lock";
			outputFileListPaths = (
			);
			outputPaths = (
				"$(DERIVED_FILE_DIR)/Pods-ARGoTests-checkManifestLockResult.txt",
			);
			runOnlyForDeploymentPostprocessing = 0;
			shellPath = /bin/sh;
			shellScript = "diff \"${PODS_PODFILE_DIR_PATH}/Podfile.lock\" \"${PODS_ROOT}/Manifest.lock\" > /dev/null\nif [ $? != 0 ] ; then\n    # print error to STDERR\n    echo \"error: The sandbox is not in sync with the Podfile.lock. Run 'pod install' or update your CocoaPods installation.\" >&2\n    exit 1\nfi\n# This output is used by Xcode 'outputs' to avoid re-running this script phase.\necho \"SUCCESS\" > \"${SCRIPT_OUTPUT_FILE_0}\"\n";
			showEnvVarsInLog = 0;
		};
		8BDBBF99835E7BAD54E89DDD /* [CP] Check Pods Manifest.lock */ = {
			isa = PBXShellScriptBuildPhase;
			buildActionMask = 2147483647;
			files = (
			);
			inputFileListPaths = (
			);
			inputPaths = (
				"${PODS_PODFILE_DIR_PATH}/Podfile.lock",
				"${PODS_ROOT}/Manifest.lock",
			);
			name = "[CP] Check Pods Manifest.lock";
			outputFileListPaths = (
			);
			outputPaths = (
				"$(DERIVED_FILE_DIR)/Pods-ARGo-ARGoUITests-checkManifestLockResult.txt",
			);
			runOnlyForDeploymentPostprocessing = 0;
			shellPath = /bin/sh;
			shellScript = "diff \"${PODS_PODFILE_DIR_PATH}/Podfile.lock\" \"${PODS_ROOT}/Manifest.lock\" > /dev/null\nif [ $? != 0 ] ; then\n    # print error to STDERR\n    echo \"error: The sandbox is not in sync with the Podfile.lock. Run 'pod install' or update your CocoaPods installation.\" >&2\n    exit 1\nfi\n# This output is used by Xcode 'outputs' to avoid re-running this script phase.\necho \"SUCCESS\" > \"${SCRIPT_OUTPUT_FILE_0}\"\n";
			showEnvVarsInLog = 0;
		};
		8C15328C2E4236D3A290DCDC /* [CP] Embed Pods Frameworks */ = {
			isa = PBXShellScriptBuildPhase;
			buildActionMask = 2147483647;
			files = (
			);
			inputFileListPaths = (
				"${PODS_ROOT}/Target Support Files/Pods-ARGo/Pods-ARGo-frameworks-${CONFIGURATION}-input-files.xcfilelist",
			);
			name = "[CP] Embed Pods Frameworks";
			outputFileListPaths = (
				"${PODS_ROOT}/Target Support Files/Pods-ARGo/Pods-ARGo-frameworks-${CONFIGURATION}-output-files.xcfilelist",
			);
			runOnlyForDeploymentPostprocessing = 0;
			shellPath = /bin/sh;
			shellScript = "\"${PODS_ROOT}/Target Support Files/Pods-ARGo/Pods-ARGo-frameworks.sh\"\n";
			showEnvVarsInLog = 0;
		};
		AB15186EE0B14D3E038600F9 /* [CP] Embed Pods Frameworks */ = {
			isa = PBXShellScriptBuildPhase;
			buildActionMask = 2147483647;
			files = (
			);
			inputFileListPaths = (
				"${PODS_ROOT}/Target Support Files/Pods-ARGo-ARGoUITests/Pods-ARGo-ARGoUITests-frameworks-${CONFIGURATION}-input-files.xcfilelist",
			);
			name = "[CP] Embed Pods Frameworks";
			outputFileListPaths = (
				"${PODS_ROOT}/Target Support Files/Pods-ARGo-ARGoUITests/Pods-ARGo-ARGoUITests-frameworks-${CONFIGURATION}-output-files.xcfilelist",
			);
			runOnlyForDeploymentPostprocessing = 0;
			shellPath = /bin/sh;
			shellScript = "\"${PODS_ROOT}/Target Support Files/Pods-ARGo-ARGoUITests/Pods-ARGo-ARGoUITests-frameworks.sh\"\n";
			showEnvVarsInLog = 0;
		};
		D4C524CF269AF13B56C62214 /* [CP] Check Pods Manifest.lock */ = {
			isa = PBXShellScriptBuildPhase;
			buildActionMask = 2147483647;
			files = (
			);
			inputFileListPaths = (
			);
			inputPaths = (
				"${PODS_PODFILE_DIR_PATH}/Podfile.lock",
				"${PODS_ROOT}/Manifest.lock",
			);
			name = "[CP] Check Pods Manifest.lock";
			outputFileListPaths = (
			);
			outputPaths = (
				"$(DERIVED_FILE_DIR)/Pods-ARGo-checkManifestLockResult.txt",
			);
			runOnlyForDeploymentPostprocessing = 0;
			shellPath = /bin/sh;
			shellScript = "diff \"${PODS_PODFILE_DIR_PATH}/Podfile.lock\" \"${PODS_ROOT}/Manifest.lock\" > /dev/null\nif [ $? != 0 ] ; then\n    # print error to STDERR\n    echo \"error: The sandbox is not in sync with the Podfile.lock. Run 'pod install' or update your CocoaPods installation.\" >&2\n    exit 1\nfi\n# This output is used by Xcode 'outputs' to avoid re-running this script phase.\necho \"SUCCESS\" > \"${SCRIPT_OUTPUT_FILE_0}\"\n";
			showEnvVarsInLog = 0;
		};
/* End PBXShellScriptBuildPhase section */

/* Begin PBXSourcesBuildPhase section */
		30F35ABB2ADDBD850015CCD7 /* Sources */ = {
			isa = PBXSourcesBuildPhase;
			buildActionMask = 2147483647;
			files = (
				30A0694A2AE05D40001AB80F /* RegularNavigationViewController.swift in Sources */,
				3006C1D52AFCF7140019C9D9 /* MKPolyline+EXT.swift in Sources */,
				4F1A587E2B192B4800D70720 /* FloatingPoint+EXT.swift in Sources */,
				4FAB8D462B17AC320031C1D9 /* Network.swift in Sources */,
				300745082AF7C31B0006079A /* LocationManager.swift in Sources */,
				30F35B002ADEC4DF0015CCD7 /* UIView+EXT.swift in Sources */,
				30B762592AF5B7A100836AF2 /* UISearchBar+EXT.swift in Sources */,
				303436582AFED2EA005CDD4D /* UIViewControler+EXT.swift in Sources */,
				30BE9B732AE5BA5600E5D107 /* CLLocation+EXT.swift in Sources */,
				30073AC32AFE0485008D7A29 /* ConfirmRouteViewController.swift in Sources */,
				30DD29532B01A2D7005E2336 /* HeaderViewWithButton.swift in Sources */,
				4FB221CF2B0BF7E500D1FC84 /* NavigationManager.swift in Sources */,
				30F35AF82ADEBFE20015CCD7 /* ARNavigationView.swift in Sources */,
				30B762572AF5B75C00836AF2 /* UIButton+EXT.swift in Sources */,
				30A069482AE05D1D001AB80F /* ARNavigationViewController.swift in Sources */,
				30F35AC32ADDBD850015CCD7 /* AppDelegate.swift in Sources */,
				3090C7A62ADF18800007017C /* PickDestinationViewController.swift in Sources */,
				30884C632AFBEC98000BC20A /* NavigationViewControllerDelegate.swift in Sources */,
				30884C652AFBEF86000BC20A /* NavigationViewController.swift in Sources */,
				4FAB8D502B187B4B0031C1D9 /* ARArrow.swift in Sources */,
				30F35AFD2ADEC4620015CCD7 /* CleanView.swift in Sources */,
				30DB59542ADF2FA400863053 /* PlaceTableViewCell.swift in Sources */,
				306839122AFE3E9700C25CDD /* ScreenNavigationViewController.swift in Sources */,
				30F35AF62ADEBF8A0015CCD7 /* RegularNavigationView.swift in Sources */,
				30F35B042ADEE50B0015CCD7 /* UIImage+Ext.swift in Sources */,
				4FB4B2FF2B1BDE5200696E41 /* GoToStartView.swift in Sources */,
				30B1893B2AF6F10600719E0D /* Local+EXT.swift in Sources */,
				306839182AFE84D000C25CDD /* CustomGADBannerView.swift in Sources */,
				30E54BC52AFC2F9F001BC8B1 /* LoaderView.swift in Sources */,
				30DD29572B01A39D005E2336 /* SettingsViewController.swift in Sources */,
				3068EF1E2B02B28B000C8827 /* RemoveAdsTableViewCell.swift in Sources */,
				30073AC52AFE0696008D7A29 /* ConfirmRouteView.swift in Sources */,
				30C906122AFFBFBF00E8F3DA /* RegionManager.swift in Sources */,
				30DD294C2B01A192005E2336 /* SettingsTableViewCell.swift in Sources */,
				30C906102AFFBCB800E8F3DA /* MKStep+EXT.swift in Sources */,
				30A069462AE05938001AB80F /* NavigationTabViewController.swift in Sources */,
				3059D3422AF39AC200252FB7 /* UIColor+EXT.swift in Sources */,
				3068EF012B022FBB000C8827 /* CheckMarkTableViewCell.swift in Sources */,
				4FAB8D4B2B17B5830031C1D9 /* Timer+EXT.swift in Sources */,
				4FAB8D492B17B30D0031C1D9 /* LogsAPI.swift in Sources */,
				30A069422AE040D4001AB80F /* NavigationContainerViewController.swift in Sources */,
				4FB221CD2B0BF61100D1FC84 /* CameraManager.swift in Sources */,
				30F35ACD2ADDBD850015CCD7 /* AR.xcdatamodeld in Sources */,
				3024736C2AF61BAC008300B2 /* AudioManager.swift in Sources */,
				30F35AC52ADDBD850015CCD7 /* SceneDelegate.swift in Sources */,
				307F4C432AE5E36700AC036E /* EnvironmentManager.swift in Sources */,
				4FAB8D522B18ADF90031C1D9 /* SCNVector3+EXT.swift in Sources */,
				306839162AFE611000C25CDD /* AdsManager.swift in Sources */,
				306839142AFE520C00C25CDD /* LocationApprovalViewController.swift in Sources */,
				4FAB8D422B17985C0031C1D9 /* SceneLocationView+EXT.swift in Sources */,
				4FAB8D4E2B17E6230031C1D9 /* IDProvider.swift in Sources */,
				3068EF182B026E22000C8827 /* SubscriptionManager.swift in Sources */,
				30CD17332AE60A8D0022418E /* StepTableViewCell.swift in Sources */,
				307F4C452AE5E65400AC036E /* AdMobUnitID.swift in Sources */,
				30B762552AF5B69100836AF2 /* UILabel+EXT.swift in Sources */,
			);
			runOnlyForDeploymentPostprocessing = 0;
		};
		30F35AD42ADDBD8A0015CCD7 /* Sources */ = {
			isa = PBXSourcesBuildPhase;
			buildActionMask = 2147483647;
			files = (
				30F35ADD2ADDBD8A0015CCD7 /* ARTests.swift in Sources */,
			);
			runOnlyForDeploymentPostprocessing = 0;
		};
		30F35ADE2ADDBD8A0015CCD7 /* Sources */ = {
			isa = PBXSourcesBuildPhase;
			buildActionMask = 2147483647;
			files = (
				30F35AE72ADDBD8A0015CCD7 /* ARUITests.swift in Sources */,
				30F35AE92ADDBD8A0015CCD7 /* ARUITestsLaunchTests.swift in Sources */,
			);
			runOnlyForDeploymentPostprocessing = 0;
		};
/* End PBXSourcesBuildPhase section */

/* Begin PBXTargetDependency section */
		30F35ADA2ADDBD8A0015CCD7 /* PBXTargetDependency */ = {
			isa = PBXTargetDependency;
			target = 30F35ABE2ADDBD850015CCD7 /* ARGo */;
			targetProxy = 30F35AD92ADDBD8A0015CCD7 /* PBXContainerItemProxy */;
		};
		30F35AE42ADDBD8A0015CCD7 /* PBXTargetDependency */ = {
			isa = PBXTargetDependency;
			target = 30F35ABE2ADDBD850015CCD7 /* ARGo */;
			targetProxy = 30F35AE32ADDBD8A0015CCD7 /* PBXContainerItemProxy */;
		};
/* End PBXTargetDependency section */

/* Begin PBXVariantGroup section */
		30B189572AF71DCA00719E0D /* voice.gif */ = {
			isa = PBXVariantGroup;
			children = (
				30B189562AF71DCA00719E0D /* en */,
			);
			name = voice.gif;
			sourceTree = "<group>";
		};
		30B1895C2AF71DDD00719E0D /* voice.gif */ = {
			isa = PBXVariantGroup;
			children = (
				30B1895B2AF71DDD00719E0D /* he */,
			);
			name = voice.gif;
			sourceTree = "<group>";
		};
		30B7626F2AF5BBBD00836AF2 /* walking.gif */ = {
			isa = PBXVariantGroup;
			children = (
				30B762862AF5BCAB00836AF2 /* en */,
			);
			name = walking.gif;
			sourceTree = "<group>";
		};
		30B762732AF5BBC500836AF2 /* walking.gif */ = {
			isa = PBXVariantGroup;
			children = (
				30B762852AF5BCA000836AF2 /* he */,
			);
			name = walking.gif;
			sourceTree = "<group>";
		};
		30B7627B2AF5BBE800836AF2 /* car.gif */ = {
			isa = PBXVariantGroup;
			children = (
				30B7627C2AF5BBE900836AF2 /* he */,
			);
			name = car.gif;
			sourceTree = "<group>";
		};
		30B762822AF5BC8600836AF2 /* car.gif */ = {
			isa = PBXVariantGroup;
			children = (
				30B762842AF5BC9400836AF2 /* en */,
			);
			name = car.gif;
			sourceTree = "<group>";
			wrapsLines = 1;
		};
		30F35AC82ADDBD850015CCD7 /* Main.storyboard */ = {
			isa = PBXVariantGroup;
			children = (
				30F35AC92ADDBD850015CCD7 /* Base */,
			);
			name = Main.storyboard;
			sourceTree = "<group>";
		};
		30F35AD02ADDBD890015CCD7 /* LaunchScreen.storyboard */ = {
			isa = PBXVariantGroup;
			children = (
				30F35AD12ADDBD890015CCD7 /* Base */,
			);
			name = LaunchScreen.storyboard;
			sourceTree = "<group>";
		};
/* End PBXVariantGroup section */

/* Begin XCBuildConfiguration section */
		30F35AEA2ADDBD8A0015CCD7 /* Debug */ = {
			isa = XCBuildConfiguration;
			buildSettings = {
				ALWAYS_SEARCH_USER_PATHS = NO;
				ASSETCATALOG_COMPILER_GENERATE_SWIFT_ASSET_SYMBOL_EXTENSIONS = YES;
				CLANG_ANALYZER_NONNULL = YES;
				CLANG_ANALYZER_NUMBER_OBJECT_CONVERSION = YES_AGGRESSIVE;
				CLANG_CXX_LANGUAGE_STANDARD = "gnu++20";
				CLANG_ENABLE_MODULES = YES;
				CLANG_ENABLE_OBJC_ARC = YES;
				CLANG_ENABLE_OBJC_WEAK = YES;
				CLANG_WARN_BLOCK_CAPTURE_AUTORELEASING = YES;
				CLANG_WARN_BOOL_CONVERSION = YES;
				CLANG_WARN_COMMA = YES;
				CLANG_WARN_CONSTANT_CONVERSION = YES;
				CLANG_WARN_DEPRECATED_OBJC_IMPLEMENTATIONS = YES;
				CLANG_WARN_DIRECT_OBJC_ISA_USAGE = YES_ERROR;
				CLANG_WARN_DOCUMENTATION_COMMENTS = YES;
				CLANG_WARN_EMPTY_BODY = YES;
				CLANG_WARN_ENUM_CONVERSION = YES;
				CLANG_WARN_INFINITE_RECURSION = YES;
				CLANG_WARN_INT_CONVERSION = YES;
				CLANG_WARN_NON_LITERAL_NULL_CONVERSION = YES;
				CLANG_WARN_OBJC_IMPLICIT_RETAIN_SELF = YES;
				CLANG_WARN_OBJC_LITERAL_CONVERSION = YES;
				CLANG_WARN_OBJC_ROOT_CLASS = YES_ERROR;
				CLANG_WARN_QUOTED_INCLUDE_IN_FRAMEWORK_HEADER = YES;
				CLANG_WARN_RANGE_LOOP_ANALYSIS = YES;
				CLANG_WARN_STRICT_PROTOTYPES = YES;
				CLANG_WARN_SUSPICIOUS_MOVE = YES;
				CLANG_WARN_UNGUARDED_AVAILABILITY = YES_AGGRESSIVE;
				CLANG_WARN_UNREACHABLE_CODE = YES;
				CLANG_WARN__DUPLICATE_METHOD_MATCH = YES;
				COPY_PHASE_STRIP = NO;
				DEBUG_INFORMATION_FORMAT = dwarf;
				ENABLE_STRICT_OBJC_MSGSEND = YES;
				ENABLE_TESTABILITY = YES;
				ENABLE_USER_SCRIPT_SANDBOXING = YES;
				GCC_C_LANGUAGE_STANDARD = gnu17;
				GCC_DYNAMIC_NO_PIC = NO;
				GCC_NO_COMMON_BLOCKS = YES;
				GCC_OPTIMIZATION_LEVEL = 0;
				GCC_PREPROCESSOR_DEFINITIONS = (
					"DEBUG=1",
					"$(inherited)",
				);
				GCC_WARN_64_TO_32_BIT_CONVERSION = YES;
				GCC_WARN_ABOUT_RETURN_TYPE = YES_ERROR;
				GCC_WARN_UNDECLARED_SELECTOR = YES;
				GCC_WARN_UNINITIALIZED_AUTOS = YES_AGGRESSIVE;
				GCC_WARN_UNUSED_FUNCTION = YES;
				GCC_WARN_UNUSED_VARIABLE = YES;
				IPHONEOS_DEPLOYMENT_TARGET = 17.0;
				LOCALIZATION_PREFERS_STRING_CATALOGS = YES;
				MTL_ENABLE_DEBUG_INFO = INCLUDE_SOURCE;
				MTL_FAST_MATH = YES;
				ONLY_ACTIVE_ARCH = YES;
				OTHER_SWIFT_FLAGS = "";
				SDKROOT = iphoneos;
				SWIFT_ACTIVE_COMPILATION_CONDITIONS = "DEBUG $(inherited)";
				SWIFT_OPTIMIZATION_LEVEL = "-Onone";
			};
			name = Debug;
		};
		30F35AEB2ADDBD8A0015CCD7 /* Release */ = {
			isa = XCBuildConfiguration;
			buildSettings = {
				ALWAYS_SEARCH_USER_PATHS = NO;
				ASSETCATALOG_COMPILER_GENERATE_SWIFT_ASSET_SYMBOL_EXTENSIONS = YES;
				CLANG_ANALYZER_NONNULL = YES;
				CLANG_ANALYZER_NUMBER_OBJECT_CONVERSION = YES_AGGRESSIVE;
				CLANG_CXX_LANGUAGE_STANDARD = "gnu++20";
				CLANG_ENABLE_MODULES = YES;
				CLANG_ENABLE_OBJC_ARC = YES;
				CLANG_ENABLE_OBJC_WEAK = YES;
				CLANG_WARN_BLOCK_CAPTURE_AUTORELEASING = YES;
				CLANG_WARN_BOOL_CONVERSION = YES;
				CLANG_WARN_COMMA = YES;
				CLANG_WARN_CONSTANT_CONVERSION = YES;
				CLANG_WARN_DEPRECATED_OBJC_IMPLEMENTATIONS = YES;
				CLANG_WARN_DIRECT_OBJC_ISA_USAGE = YES_ERROR;
				CLANG_WARN_DOCUMENTATION_COMMENTS = YES;
				CLANG_WARN_EMPTY_BODY = YES;
				CLANG_WARN_ENUM_CONVERSION = YES;
				CLANG_WARN_INFINITE_RECURSION = YES;
				CLANG_WARN_INT_CONVERSION = YES;
				CLANG_WARN_NON_LITERAL_NULL_CONVERSION = YES;
				CLANG_WARN_OBJC_IMPLICIT_RETAIN_SELF = YES;
				CLANG_WARN_OBJC_LITERAL_CONVERSION = YES;
				CLANG_WARN_OBJC_ROOT_CLASS = YES_ERROR;
				CLANG_WARN_QUOTED_INCLUDE_IN_FRAMEWORK_HEADER = YES;
				CLANG_WARN_RANGE_LOOP_ANALYSIS = YES;
				CLANG_WARN_STRICT_PROTOTYPES = YES;
				CLANG_WARN_SUSPICIOUS_MOVE = YES;
				CLANG_WARN_UNGUARDED_AVAILABILITY = YES_AGGRESSIVE;
				CLANG_WARN_UNREACHABLE_CODE = YES;
				CLANG_WARN__DUPLICATE_METHOD_MATCH = YES;
				COPY_PHASE_STRIP = NO;
				DEBUG_INFORMATION_FORMAT = "dwarf-with-dsym";
				ENABLE_NS_ASSERTIONS = NO;
				ENABLE_STRICT_OBJC_MSGSEND = YES;
				ENABLE_USER_SCRIPT_SANDBOXING = YES;
				GCC_C_LANGUAGE_STANDARD = gnu17;
				GCC_NO_COMMON_BLOCKS = YES;
				GCC_WARN_64_TO_32_BIT_CONVERSION = YES;
				GCC_WARN_ABOUT_RETURN_TYPE = YES_ERROR;
				GCC_WARN_UNDECLARED_SELECTOR = YES;
				GCC_WARN_UNINITIALIZED_AUTOS = YES_AGGRESSIVE;
				GCC_WARN_UNUSED_FUNCTION = YES;
				GCC_WARN_UNUSED_VARIABLE = YES;
				IPHONEOS_DEPLOYMENT_TARGET = 17.0;
				LOCALIZATION_PREFERS_STRING_CATALOGS = YES;
				MTL_ENABLE_DEBUG_INFO = NO;
				MTL_FAST_MATH = YES;
				OTHER_SWIFT_FLAGS = "";
				SDKROOT = iphoneos;
				SWIFT_COMPILATION_MODE = wholemodule;
				VALIDATE_PRODUCT = YES;
			};
			name = Release;
		};
		30F35AED2ADDBD8A0015CCD7 /* Debug */ = {
			isa = XCBuildConfiguration;
			baseConfigurationReference = B0F3E70E7838D2A25CE4DB4D /* Pods-ARGo.debug.xcconfig */;
			buildSettings = {
				ASSETCATALOG_COMPILER_APPICON_NAME = AppIcon;
				ASSETCATALOG_COMPILER_GLOBAL_ACCENT_COLOR_NAME = AccentColor;
				CODE_SIGN_STYLE = Automatic;
				CURRENT_PROJECT_VERSION = 1.00;
				DEVELOPMENT_TEAM = D6DN86P8S8;
				ENABLE_USER_SCRIPT_SANDBOXING = NO;
				GENERATE_INFOPLIST_FILE = YES;
				INFOPLIST_FILE = ARGo/Info.plist;
				INFOPLIST_KEY_CFBundleDisplayName = ARGo;
				INFOPLIST_KEY_LSApplicationCategoryType = "public.app-category.navigation";
				INFOPLIST_KEY_NSCameraUsageDescription = "For the optimal functioning of augmented reality (AR) features within this application, we kindly seek your approval to access and utilize the camera on your device. Granting permission ensures that the app can seamlessly integrate AR elements, providing you with an enhanced and immersive experience that relies on capturing and processing visual information through the device's camera. Your consent is instrumental in unlocking the full potential of AR capabilities within the app.";
				INFOPLIST_KEY_NSLocationAlwaysAndWhenInUseUsageDescription = "In order for this application to make use of its navigation feature effectively, we kindly request your approval to access and track your location. Your consent will enable the app to provide you with accurate and tailored navigation services based on your current geographical position.";
				INFOPLIST_KEY_NSLocationAlwaysUsageDescription = "In order for this application to make use of its navigation feature effectively, we kindly request your approval to access and track your location. Your consent will enable the app to provide you with accurate and tailored navigation services based on your current geographical position.";
				INFOPLIST_KEY_NSLocationWhenInUseUsageDescription = "In order for this application to make use of its navigation feature effectively, we kindly request your approval to access and track your location. Your consent will enable the app to provide you with accurate and tailored navigation services based on your current geographical position.";
				INFOPLIST_KEY_NSUserTrackingUsageDescription = "The app seeks permission to utilize the IDFA for enhanced advertising experiences.";
				INFOPLIST_KEY_UIApplicationSupportsIndirectInputEvents = YES;
				INFOPLIST_KEY_UILaunchStoryboardName = LaunchScreen;
				INFOPLIST_KEY_UIMainStoryboardFile = Main;
				INFOPLIST_KEY_UIRequiresFullScreen = YES;
				INFOPLIST_KEY_UIStatusBarHidden = YES;
				INFOPLIST_KEY_UIStatusBarStyle = UIStatusBarStyleDarkContent;
				INFOPLIST_KEY_UISupportedInterfaceOrientations = "UIInterfaceOrientationPortrait UIInterfaceOrientationPortraitUpsideDown";
				INFOPLIST_KEY_UIUserInterfaceStyle = Light;
				IPHONEOS_DEPLOYMENT_TARGET = 16.0;
				LD_RUNPATH_SEARCH_PATHS = (
					"$(inherited)",
					"@executable_path/Frameworks",
				);
				MARKETING_VERSION = 1.26;
				OTHER_SWIFT_FLAGS = "$(inherited) -D COCOAPODS";
				PRODUCT_BUNDLE_IDENTIFIER = Barak.AR;
				PRODUCT_NAME = "$(TARGET_NAME)";
				SWIFT_ACTIVE_COMPILATION_CONDITIONS = "$(inherited)";
				SWIFT_EMIT_LOC_STRINGS = YES;
				SWIFT_VERSION = 5.0;
				TARGETED_DEVICE_FAMILY = "1,2";
			};
			name = Debug;
		};
		30F35AEE2ADDBD8A0015CCD7 /* Release */ = {
			isa = XCBuildConfiguration;
			baseConfigurationReference = 6F91391606295B75B4F4E7ED /* Pods-ARGo.release.xcconfig */;
			buildSettings = {
				ASSETCATALOG_COMPILER_APPICON_NAME = AppIcon;
				ASSETCATALOG_COMPILER_GLOBAL_ACCENT_COLOR_NAME = AccentColor;
				CODE_SIGN_STYLE = Automatic;
				CURRENT_PROJECT_VERSION = 1.00;
				DEVELOPMENT_TEAM = D6DN86P8S8;
				ENABLE_USER_SCRIPT_SANDBOXING = NO;
				GENERATE_INFOPLIST_FILE = YES;
				INFOPLIST_FILE = ARGo/Info.plist;
				INFOPLIST_KEY_CFBundleDisplayName = ARGo;
				INFOPLIST_KEY_LSApplicationCategoryType = "public.app-category.navigation";
				INFOPLIST_KEY_NSCameraUsageDescription = "For the optimal functioning of augmented reality (AR) features within this application, we kindly seek your approval to access and utilize the camera on your device. Granting permission ensures that the app can seamlessly integrate AR elements, providing you with an enhanced and immersive experience that relies on capturing and processing visual information through the device's camera. Your consent is instrumental in unlocking the full potential of AR capabilities within the app.";
				INFOPLIST_KEY_NSLocationAlwaysAndWhenInUseUsageDescription = "In order for this application to make use of its navigation feature effectively, we kindly request your approval to access and track your location. Your consent will enable the app to provide you with accurate and tailored navigation services based on your current geographical position.";
				INFOPLIST_KEY_NSLocationAlwaysUsageDescription = "In order for this application to make use of its navigation feature effectively, we kindly request your approval to access and track your location. Your consent will enable the app to provide you with accurate and tailored navigation services based on your current geographical position.";
				INFOPLIST_KEY_NSLocationWhenInUseUsageDescription = "In order for this application to make use of its navigation feature effectively, we kindly request your approval to access and track your location. Your consent will enable the app to provide you with accurate and tailored navigation services based on your current geographical position.";
				INFOPLIST_KEY_NSUserTrackingUsageDescription = "The app seeks permission to utilize the IDFA for enhanced advertising experiences.";
				INFOPLIST_KEY_UIApplicationSupportsIndirectInputEvents = YES;
				INFOPLIST_KEY_UILaunchStoryboardName = LaunchScreen;
				INFOPLIST_KEY_UIMainStoryboardFile = Main;
				INFOPLIST_KEY_UIRequiresFullScreen = YES;
				INFOPLIST_KEY_UIStatusBarHidden = YES;
				INFOPLIST_KEY_UIStatusBarStyle = UIStatusBarStyleDarkContent;
				INFOPLIST_KEY_UISupportedInterfaceOrientations = "UIInterfaceOrientationPortrait UIInterfaceOrientationPortraitUpsideDown";
				INFOPLIST_KEY_UIUserInterfaceStyle = Light;
				IPHONEOS_DEPLOYMENT_TARGET = 16.0;
				LD_RUNPATH_SEARCH_PATHS = (
					"$(inherited)",
					"@executable_path/Frameworks",
				);
				MARKETING_VERSION = 1.26;
				OTHER_SWIFT_FLAGS = "$(inherited) -D COCOAPODS";
				PRODUCT_BUNDLE_IDENTIFIER = Barak.AR;
				PRODUCT_NAME = "$(TARGET_NAME)";
				SWIFT_EMIT_LOC_STRINGS = YES;
				SWIFT_VERSION = 5.0;
				TARGETED_DEVICE_FAMILY = "1,2";
			};
			name = Release;
		};
		30F35AF02ADDBD8A0015CCD7 /* Debug */ = {
			isa = XCBuildConfiguration;
			baseConfigurationReference = 383CD025116878080001392A /* Pods-ARGoTests.debug.xcconfig */;
			buildSettings = {
				ALWAYS_EMBED_SWIFT_STANDARD_LIBRARIES = YES;
				BUNDLE_LOADER = "$(TEST_HOST)";
				CODE_SIGN_STYLE = Automatic;
				CURRENT_PROJECT_VERSION = 1;
				DEVELOPMENT_TEAM = D6DN86P8S8;
				GENERATE_INFOPLIST_FILE = YES;
				IPHONEOS_DEPLOYMENT_TARGET = 17.0;
				MARKETING_VERSION = 1.0;
				PRODUCT_BUNDLE_IDENTIFIER = Barak.ARTests;
				PRODUCT_NAME = "$(TARGET_NAME)";
				SWIFT_EMIT_LOC_STRINGS = NO;
				SWIFT_VERSION = 5.0;
				TARGETED_DEVICE_FAMILY = "1,2";
				TEST_HOST = "$(BUILT_PRODUCTS_DIR)/ARGo.app/$(BUNDLE_EXECUTABLE_FOLDER_PATH)/ARGo";
			};
			name = Debug;
		};
		30F35AF12ADDBD8A0015CCD7 /* Release */ = {
			isa = XCBuildConfiguration;
			baseConfigurationReference = A69201F2CDBC61055DAC7305 /* Pods-ARGoTests.release.xcconfig */;
			buildSettings = {
				ALWAYS_EMBED_SWIFT_STANDARD_LIBRARIES = YES;
				BUNDLE_LOADER = "$(TEST_HOST)";
				CODE_SIGN_STYLE = Automatic;
				CURRENT_PROJECT_VERSION = 1;
				DEVELOPMENT_TEAM = D6DN86P8S8;
				GENERATE_INFOPLIST_FILE = YES;
				IPHONEOS_DEPLOYMENT_TARGET = 17.0;
				MARKETING_VERSION = 1.0;
				PRODUCT_BUNDLE_IDENTIFIER = Barak.ARTests;
				PRODUCT_NAME = "$(TARGET_NAME)";
				SWIFT_EMIT_LOC_STRINGS = NO;
				SWIFT_VERSION = 5.0;
				TARGETED_DEVICE_FAMILY = "1,2";
				TEST_HOST = "$(BUILT_PRODUCTS_DIR)/ARGo.app/$(BUNDLE_EXECUTABLE_FOLDER_PATH)/ARGo";
			};
			name = Release;
		};
		30F35AF32ADDBD8A0015CCD7 /* Debug */ = {
			isa = XCBuildConfiguration;
			baseConfigurationReference = 77B4E36CBAB49F9AF910AEF7 /* Pods-ARGo-ARGoUITests.debug.xcconfig */;
			buildSettings = {
				ALWAYS_EMBED_SWIFT_STANDARD_LIBRARIES = YES;
				CODE_SIGN_STYLE = Automatic;
				CURRENT_PROJECT_VERSION = 1;
				DEVELOPMENT_TEAM = D6DN86P8S8;
				GENERATE_INFOPLIST_FILE = YES;
				MARKETING_VERSION = 1.0;
				PRODUCT_BUNDLE_IDENTIFIER = Barak.ARUITests;
				PRODUCT_NAME = "$(TARGET_NAME)";
				SWIFT_EMIT_LOC_STRINGS = NO;
				SWIFT_VERSION = 5.0;
				TARGETED_DEVICE_FAMILY = "1,2";
				TEST_TARGET_NAME = AR;
			};
			name = Debug;
		};
		30F35AF42ADDBD8A0015CCD7 /* Release */ = {
			isa = XCBuildConfiguration;
			baseConfigurationReference = F89B83B22F72FD8A61F78255 /* Pods-ARGo-ARGoUITests.release.xcconfig */;
			buildSettings = {
				ALWAYS_EMBED_SWIFT_STANDARD_LIBRARIES = YES;
				CODE_SIGN_STYLE = Automatic;
				CURRENT_PROJECT_VERSION = 1;
				DEVELOPMENT_TEAM = D6DN86P8S8;
				GENERATE_INFOPLIST_FILE = YES;
				MARKETING_VERSION = 1.0;
				PRODUCT_BUNDLE_IDENTIFIER = Barak.ARUITests;
				PRODUCT_NAME = "$(TARGET_NAME)";
				SWIFT_EMIT_LOC_STRINGS = NO;
				SWIFT_VERSION = 5.0;
				TARGETED_DEVICE_FAMILY = "1,2";
				TEST_TARGET_NAME = AR;
			};
			name = Release;
		};
/* End XCBuildConfiguration section */

/* Begin XCConfigurationList section */
		30F35ABA2ADDBD850015CCD7 /* Build configuration list for PBXProject "ARGo" */ = {
			isa = XCConfigurationList;
			buildConfigurations = (
				30F35AEA2ADDBD8A0015CCD7 /* Debug */,
				30F35AEB2ADDBD8A0015CCD7 /* Release */,
			);
			defaultConfigurationIsVisible = 0;
			defaultConfigurationName = Release;
		};
		30F35AEC2ADDBD8A0015CCD7 /* Build configuration list for PBXNativeTarget "ARGo" */ = {
			isa = XCConfigurationList;
			buildConfigurations = (
				30F35AED2ADDBD8A0015CCD7 /* Debug */,
				30F35AEE2ADDBD8A0015CCD7 /* Release */,
			);
			defaultConfigurationIsVisible = 0;
			defaultConfigurationName = Release;
		};
		30F35AEF2ADDBD8A0015CCD7 /* Build configuration list for PBXNativeTarget "ARGoTests" */ = {
			isa = XCConfigurationList;
			buildConfigurations = (
				30F35AF02ADDBD8A0015CCD7 /* Debug */,
				30F35AF12ADDBD8A0015CCD7 /* Release */,
			);
			defaultConfigurationIsVisible = 0;
			defaultConfigurationName = Release;
		};
		30F35AF22ADDBD8A0015CCD7 /* Build configuration list for PBXNativeTarget "ARGoUITests" */ = {
			isa = XCConfigurationList;
			buildConfigurations = (
				30F35AF32ADDBD8A0015CCD7 /* Debug */,
				30F35AF42ADDBD8A0015CCD7 /* Release */,
			);
			defaultConfigurationIsVisible = 0;
			defaultConfigurationName = Release;
		};
/* End XCConfigurationList section */

/* Begin XCRemoteSwiftPackageReference section */
		4FAB8D3E2B17975C0031C1D9 /* XCRemoteSwiftPackageReference "SDK" */ = {
			isa = XCRemoteSwiftPackageReference;
			repositoryURL = "https://github.com/barakbenhur1/SDK";
			requirement = {
				branch = main;
				kind = branch;
			};
		};
/* End XCRemoteSwiftPackageReference section */

/* Begin XCSwiftPackageProductDependency section */
		4FAB8D3F2B17975D0031C1D9 /* SDK */ = {
			isa = XCSwiftPackageProductDependency;
			package = 4FAB8D3E2B17975C0031C1D9 /* XCRemoteSwiftPackageReference "SDK" */;
			productName = SDK;
		};
/* End XCSwiftPackageProductDependency section */

/* Begin XCVersionGroup section */
		30F35ACB2ADDBD850015CCD7 /* AR.xcdatamodeld */ = {
			isa = XCVersionGroup;
			children = (
				30F35ACC2ADDBD850015CCD7 /* AR.xcdatamodel */,
			);
			currentVersion = 30F35ACC2ADDBD850015CCD7 /* AR.xcdatamodel */;
			path = AR.xcdatamodeld;
			sourceTree = "<group>";
			versionGroupType = wrapper.xcdatamodel;
		};
/* End XCVersionGroup section */
	};
	rootObject = 30F35AB72ADDBD850015CCD7 /* Project object */;
}
